
Microsoft Visual Studio Solution File, Format Version 12.00
# Visual Studio Version 17
VisualStudioVersion = 17.0.31903.59
MinimumVisualStudioVersion = 10.0.40219.1
Project("{FAE04EC0-301F-11D3-BF4B-00C04F79EFBC}") = "C#-learning", "C#-learning\C#-learning.csproj", "{3A2977EB-6FEB-4EC2-9383-996AA0CFFE58}"
EndProject
Project("{FAE04EC0-301F-11D3-BF4B-00C04F79EFBC}") = "datatypes", "datatypes\datatypes.csproj", "{48573D55-A6DB-42C2-A4E0-97B7500FDB19}"
EndProject
Project("{FAE04EC0-301F-11D3-BF4B-00C04F79EFBC}") = "Operators", "Operators\Operators.csproj", "{A022B501-975D-4424-84D6-5F81646DB7E2}"
EndProject
Project("{FAE04EC0-301F-11D3-BF4B-00C04F79EFBC}") = "Conditional", "Conditional\Conditional.csproj", "{B3DF077E-8E3B-4448-AF2C-8DA78BCBE5F1}"
EndProject
Project("{FAE04EC0-301F-11D3-BF4B-00C04F79EFBC}") = "Loop", "Loop\Loop.csproj", "{F223F84C-BB66-45EF-BE4D-CDC98CD131BD}"
EndProject
Project("{FAE04EC0-301F-11D3-BF4B-00C04F79EFBC}") = "Strings", "Strings\Strings.csproj", "{38DF8E74-B5BC-432C-8698-9D972E50B9E3}"
EndProject
Project("{FAE04EC0-301F-11D3-BF4B-00C04F79EFBC}") = "Array", "Array\Array.csproj", "{F8E268F8-F490-4253-9506-3D5F1C632198}"
EndProject
Project("{FAE04EC0-301F-11D3-BF4B-00C04F79EFBC}") = "MethodParameters", "MethodParameters\MethodParameters.csproj", "{5411298A-B8B8-4264-8CC8-7FD98D87F71D}"
EndProject
Project("{FAE04EC0-301F-11D3-BF4B-00C04F79EFBC}") = "Methods", "Methods\Methods.csproj", "{3C021119-6C6D-4CA3-8B9D-CA94ED0C04AC}"
EndProject
Project("{FAE04EC0-301F-11D3-BF4B-00C04F79EFBC}") = "Classes", "Classes\Classes.csproj", "{64E5BF0F-BEC9-450F-B48E-5F4FB0EDF8A9}"
EndProject
Project("{FAE04EC0-301F-11D3-BF4B-00C04F79EFBC}") = "TypesOfClasses", "TypesOfClasses\TypesOfClasses.csproj", "{B618F033-39C2-4B73-8287-254EBBF4B3EB}"
EndProject
Project("{FAE04EC0-301F-11D3-BF4B-00C04F79EFBC}") = "OOPS-TypesOfClasses", "OOPS-TypesOfClasses\OOPS-TypesOfClasses.csproj", "{E6369B2C-E1BC-4361-A903-E221D1664B81}"
EndProject
Project("{FAE04EC0-301F-11D3-BF4B-00C04F79EFBC}") = "OOPS-AccessModifiers", "OOPS-AccessModifiers\OOPS-AccessModifiers.csproj", "{EFF41EAC-132E-4C3E-AC80-1B6339EA0639}"
EndProject
Project("{FAE04EC0-301F-11D3-BF4B-00C04F79EFBC}") = "OOPS-Inheritance", "OOPS-Inheritance\OOPS-Inheritance.csproj", "{EFF1AE90-00C4-4E32-96D6-4D15AF228485}"
EndProject
Project("{FAE04EC0-301F-11D3-BF4B-00C04F79EFBC}") = "OOPS-Polymorphism", "OOPS-Polymorphism\OOPS-Polymorphism.csproj", "{2CEF5285-82EF-40A0-9999-40E2EA229A22}"
EndProject
Project("{FAE04EC0-301F-11D3-BF4B-00C04F79EFBC}") = "OOPS-Abstraction", "OOPS-Abstraction\OOPS-Abstraction.csproj", "{2E6E77FD-BB9D-4230-AC79-DEDD2319E093}"
EndProject
Project("{FAE04EC0-301F-11D3-BF4B-00C04F79EFBC}") = "Namespaces", "Namespaces\Namespaces.csproj", "{8389EDE9-F553-4C78-83C6-0D1234A19A2B}"
EndProject
Project("{FAE04EC0-301F-11D3-BF4B-00C04F79EFBC}") = "OOPS-Encapsulation", "OOPS-Encapsulation\OOPS-Encapsulation.csproj", "{9B5D3165-66F1-46FB-A3EA-6D8DA71A6086}"
EndProject
Project("{FAE04EC0-301F-11D3-BF4B-00C04F79EFBC}") = "OOPS-AccessModifiers2", "OOPS-AccessModifiers2\OOPS-AccessModifiers2.csproj", "{D4B215DE-7D76-4FC8-BB38-4EE661675013}"
EndProject
Project("{FAE04EC0-301F-11D3-BF4B-00C04F79EFBC}") = "OOPS-Constructors", "OOPS-Constructors\OOPS-Constructors.csproj", "{52F731B2-E52F-4EA9-AF3B-A96E06268619}"
EndProject
Project("{FAE04EC0-301F-11D3-BF4B-00C04F79EFBC}") = "OOPS-Destructors", "OOPS-Destructors\OOPS-Destructors.csproj", "{35A10E29-585A-4576-9D75-A641FB88F07A}"
EndProject
Global
	GlobalSection(SolutionConfigurationPlatforms) = preSolution
		Debug|Any CPU = Debug|Any CPU
		Debug|x64 = Debug|x64
		Debug|x86 = Debug|x86
		Release|Any CPU = Release|Any CPU
		Release|x64 = Release|x64
		Release|x86 = Release|x86
	EndGlobalSection
	GlobalSection(ProjectConfigurationPlatforms) = postSolution
		{3A2977EB-6FEB-4EC2-9383-996AA0CFFE58}.Debug|Any CPU.ActiveCfg = Debug|Any CPU
		{3A2977EB-6FEB-4EC2-9383-996AA0CFFE58}.Debug|Any CPU.Build.0 = Debug|Any CPU
		{3A2977EB-6FEB-4EC2-9383-996AA0CFFE58}.Debug|x64.ActiveCfg = Debug|Any CPU
		{3A2977EB-6FEB-4EC2-9383-996AA0CFFE58}.Debug|x64.Build.0 = Debug|Any CPU
		{3A2977EB-6FEB-4EC2-9383-996AA0CFFE58}.Debug|x86.ActiveCfg = Debug|Any CPU
		{3A2977EB-6FEB-4EC2-9383-996AA0CFFE58}.Debug|x86.Build.0 = Debug|Any CPU
		{3A2977EB-6FEB-4EC2-9383-996AA0CFFE58}.Release|Any CPU.ActiveCfg = Release|Any CPU
		{3A2977EB-6FEB-4EC2-9383-996AA0CFFE58}.Release|Any CPU.Build.0 = Release|Any CPU
		{3A2977EB-6FEB-4EC2-9383-996AA0CFFE58}.Release|x64.ActiveCfg = Release|Any CPU
		{3A2977EB-6FEB-4EC2-9383-996AA0CFFE58}.Release|x64.Build.0 = Release|Any CPU
		{3A2977EB-6FEB-4EC2-9383-996AA0CFFE58}.Release|x86.ActiveCfg = Release|Any CPU
		{3A2977EB-6FEB-4EC2-9383-996AA0CFFE58}.Release|x86.Build.0 = Release|Any CPU
		{48573D55-A6DB-42C2-A4E0-97B7500FDB19}.Debug|Any CPU.ActiveCfg = Debug|Any CPU
		{48573D55-A6DB-42C2-A4E0-97B7500FDB19}.Debug|Any CPU.Build.0 = Debug|Any CPU
		{48573D55-A6DB-42C2-A4E0-97B7500FDB19}.Debug|x64.ActiveCfg = Debug|Any CPU
		{48573D55-A6DB-42C2-A4E0-97B7500FDB19}.Debug|x64.Build.0 = Debug|Any CPU
		{48573D55-A6DB-42C2-A4E0-97B7500FDB19}.Debug|x86.ActiveCfg = Debug|Any CPU
		{48573D55-A6DB-42C2-A4E0-97B7500FDB19}.Debug|x86.Build.0 = Debug|Any CPU
		{48573D55-A6DB-42C2-A4E0-97B7500FDB19}.Release|Any CPU.ActiveCfg = Release|Any CPU
		{48573D55-A6DB-42C2-A4E0-97B7500FDB19}.Release|Any CPU.Build.0 = Release|Any CPU
		{48573D55-A6DB-42C2-A4E0-97B7500FDB19}.Release|x64.ActiveCfg = Release|Any CPU
		{48573D55-A6DB-42C2-A4E0-97B7500FDB19}.Release|x64.Build.0 = Release|Any CPU
		{48573D55-A6DB-42C2-A4E0-97B7500FDB19}.Release|x86.ActiveCfg = Release|Any CPU
		{48573D55-A6DB-42C2-A4E0-97B7500FDB19}.Release|x86.Build.0 = Release|Any CPU
		{A022B501-975D-4424-84D6-5F81646DB7E2}.Debug|Any CPU.ActiveCfg = Debug|Any CPU
		{A022B501-975D-4424-84D6-5F81646DB7E2}.Debug|Any CPU.Build.0 = Debug|Any CPU
		{A022B501-975D-4424-84D6-5F81646DB7E2}.Debug|x64.ActiveCfg = Debug|Any CPU
		{A022B501-975D-4424-84D6-5F81646DB7E2}.Debug|x64.Build.0 = Debug|Any CPU
		{A022B501-975D-4424-84D6-5F81646DB7E2}.Debug|x86.ActiveCfg = Debug|Any CPU
		{A022B501-975D-4424-84D6-5F81646DB7E2}.Debug|x86.Build.0 = Debug|Any CPU
		{A022B501-975D-4424-84D6-5F81646DB7E2}.Release|Any CPU.ActiveCfg = Release|Any CPU
		{A022B501-975D-4424-84D6-5F81646DB7E2}.Release|Any CPU.Build.0 = Release|Any CPU
		{A022B501-975D-4424-84D6-5F81646DB7E2}.Release|x64.ActiveCfg = Release|Any CPU
		{A022B501-975D-4424-84D6-5F81646DB7E2}.Release|x64.Build.0 = Release|Any CPU
		{A022B501-975D-4424-84D6-5F81646DB7E2}.Release|x86.ActiveCfg = Release|Any CPU
		{A022B501-975D-4424-84D6-5F81646DB7E2}.Release|x86.Build.0 = Release|Any CPU
		{B3DF077E-8E3B-4448-AF2C-8DA78BCBE5F1}.Debug|Any CPU.ActiveCfg = Debug|Any CPU
		{B3DF077E-8E3B-4448-AF2C-8DA78BCBE5F1}.Debug|Any CPU.Build.0 = Debug|Any CPU
		{B3DF077E-8E3B-4448-AF2C-8DA78BCBE5F1}.Debug|x64.ActiveCfg = Debug|Any CPU
		{B3DF077E-8E3B-4448-AF2C-8DA78BCBE5F1}.Debug|x64.Build.0 = Debug|Any CPU
		{B3DF077E-8E3B-4448-AF2C-8DA78BCBE5F1}.Debug|x86.ActiveCfg = Debug|Any CPU
		{B3DF077E-8E3B-4448-AF2C-8DA78BCBE5F1}.Debug|x86.Build.0 = Debug|Any CPU
		{B3DF077E-8E3B-4448-AF2C-8DA78BCBE5F1}.Release|Any CPU.ActiveCfg = Release|Any CPU
		{B3DF077E-8E3B-4448-AF2C-8DA78BCBE5F1}.Release|Any CPU.Build.0 = Release|Any CPU
		{B3DF077E-8E3B-4448-AF2C-8DA78BCBE5F1}.Release|x64.ActiveCfg = Release|Any CPU
		{B3DF077E-8E3B-4448-AF2C-8DA78BCBE5F1}.Release|x64.Build.0 = Release|Any CPU
		{B3DF077E-8E3B-4448-AF2C-8DA78BCBE5F1}.Release|x86.ActiveCfg = Release|Any CPU
		{B3DF077E-8E3B-4448-AF2C-8DA78BCBE5F1}.Release|x86.Build.0 = Release|Any CPU
		{F223F84C-BB66-45EF-BE4D-CDC98CD131BD}.Debug|Any CPU.ActiveCfg = Debug|Any CPU
		{F223F84C-BB66-45EF-BE4D-CDC98CD131BD}.Debug|Any CPU.Build.0 = Debug|Any CPU
		{F223F84C-BB66-45EF-BE4D-CDC98CD131BD}.Debug|x64.ActiveCfg = Debug|Any CPU
		{F223F84C-BB66-45EF-BE4D-CDC98CD131BD}.Debug|x64.Build.0 = Debug|Any CPU
		{F223F84C-BB66-45EF-BE4D-CDC98CD131BD}.Debug|x86.ActiveCfg = Debug|Any CPU
		{F223F84C-BB66-45EF-BE4D-CDC98CD131BD}.Debug|x86.Build.0 = Debug|Any CPU
		{F223F84C-BB66-45EF-BE4D-CDC98CD131BD}.Release|Any CPU.ActiveCfg = Release|Any CPU
		{F223F84C-BB66-45EF-BE4D-CDC98CD131BD}.Release|Any CPU.Build.0 = Release|Any CPU
		{F223F84C-BB66-45EF-BE4D-CDC98CD131BD}.Release|x64.ActiveCfg = Release|Any CPU
		{F223F84C-BB66-45EF-BE4D-CDC98CD131BD}.Release|x64.Build.0 = Release|Any CPU
		{F223F84C-BB66-45EF-BE4D-CDC98CD131BD}.Release|x86.ActiveCfg = Release|Any CPU
		{F223F84C-BB66-45EF-BE4D-CDC98CD131BD}.Release|x86.Build.0 = Release|Any CPU
		{38DF8E74-B5BC-432C-8698-9D972E50B9E3}.Debug|Any CPU.ActiveCfg = Debug|Any CPU
		{38DF8E74-B5BC-432C-8698-9D972E50B9E3}.Debug|Any CPU.Build.0 = Debug|Any CPU
		{38DF8E74-B5BC-432C-8698-9D972E50B9E3}.Debug|x64.ActiveCfg = Debug|Any CPU
		{38DF8E74-B5BC-432C-8698-9D972E50B9E3}.Debug|x64.Build.0 = Debug|Any CPU
		{38DF8E74-B5BC-432C-8698-9D972E50B9E3}.Debug|x86.ActiveCfg = Debug|Any CPU
		{38DF8E74-B5BC-432C-8698-9D972E50B9E3}.Debug|x86.Build.0 = Debug|Any CPU
		{38DF8E74-B5BC-432C-8698-9D972E50B9E3}.Release|Any CPU.ActiveCfg = Release|Any CPU
		{38DF8E74-B5BC-432C-8698-9D972E50B9E3}.Release|Any CPU.Build.0 = Release|Any CPU
		{38DF8E74-B5BC-432C-8698-9D972E50B9E3}.Release|x64.ActiveCfg = Release|Any CPU
		{38DF8E74-B5BC-432C-8698-9D972E50B9E3}.Release|x64.Build.0 = Release|Any CPU
		{38DF8E74-B5BC-432C-8698-9D972E50B9E3}.Release|x86.ActiveCfg = Release|Any CPU
		{38DF8E74-B5BC-432C-8698-9D972E50B9E3}.Release|x86.Build.0 = Release|Any CPU
		{F8E268F8-F490-4253-9506-3D5F1C632198}.Debug|Any CPU.ActiveCfg = Debug|Any CPU
		{F8E268F8-F490-4253-9506-3D5F1C632198}.Debug|Any CPU.Build.0 = Debug|Any CPU
		{F8E268F8-F490-4253-9506-3D5F1C632198}.Debug|x64.ActiveCfg = Debug|Any CPU
		{F8E268F8-F490-4253-9506-3D5F1C632198}.Debug|x64.Build.0 = Debug|Any CPU
		{F8E268F8-F490-4253-9506-3D5F1C632198}.Debug|x86.ActiveCfg = Debug|Any CPU
		{F8E268F8-F490-4253-9506-3D5F1C632198}.Debug|x86.Build.0 = Debug|Any CPU
		{F8E268F8-F490-4253-9506-3D5F1C632198}.Release|Any CPU.ActiveCfg = Release|Any CPU
		{F8E268F8-F490-4253-9506-3D5F1C632198}.Release|Any CPU.Build.0 = Release|Any CPU
		{F8E268F8-F490-4253-9506-3D5F1C632198}.Release|x64.ActiveCfg = Release|Any CPU
		{F8E268F8-F490-4253-9506-3D5F1C632198}.Release|x64.Build.0 = Release|Any CPU
		{F8E268F8-F490-4253-9506-3D5F1C632198}.Release|x86.ActiveCfg = Release|Any CPU
		{F8E268F8-F490-4253-9506-3D5F1C632198}.Release|x86.Build.0 = Release|Any CPU
		{5411298A-B8B8-4264-8CC8-7FD98D87F71D}.Debug|Any CPU.ActiveCfg = Debug|Any CPU
		{5411298A-B8B8-4264-8CC8-7FD98D87F71D}.Debug|Any CPU.Build.0 = Debug|Any CPU
		{5411298A-B8B8-4264-8CC8-7FD98D87F71D}.Debug|x64.ActiveCfg = Debug|Any CPU
		{5411298A-B8B8-4264-8CC8-7FD98D87F71D}.Debug|x64.Build.0 = Debug|Any CPU
		{5411298A-B8B8-4264-8CC8-7FD98D87F71D}.Debug|x86.ActiveCfg = Debug|Any CPU
		{5411298A-B8B8-4264-8CC8-7FD98D87F71D}.Debug|x86.Build.0 = Debug|Any CPU
		{5411298A-B8B8-4264-8CC8-7FD98D87F71D}.Release|Any CPU.ActiveCfg = Release|Any CPU
		{5411298A-B8B8-4264-8CC8-7FD98D87F71D}.Release|Any CPU.Build.0 = Release|Any CPU
		{5411298A-B8B8-4264-8CC8-7FD98D87F71D}.Release|x64.ActiveCfg = Release|Any CPU
		{5411298A-B8B8-4264-8CC8-7FD98D87F71D}.Release|x64.Build.0 = Release|Any CPU
		{5411298A-B8B8-4264-8CC8-7FD98D87F71D}.Release|x86.ActiveCfg = Release|Any CPU
		{5411298A-B8B8-4264-8CC8-7FD98D87F71D}.Release|x86.Build.0 = Release|Any CPU
		{3C021119-6C6D-4CA3-8B9D-CA94ED0C04AC}.Debug|Any CPU.ActiveCfg = Debug|Any CPU
		{3C021119-6C6D-4CA3-8B9D-CA94ED0C04AC}.Debug|Any CPU.Build.0 = Debug|Any CPU
		{3C021119-6C6D-4CA3-8B9D-CA94ED0C04AC}.Debug|x64.ActiveCfg = Debug|Any CPU
		{3C021119-6C6D-4CA3-8B9D-CA94ED0C04AC}.Debug|x64.Build.0 = Debug|Any CPU
		{3C021119-6C6D-4CA3-8B9D-CA94ED0C04AC}.Debug|x86.ActiveCfg = Debug|Any CPU
		{3C021119-6C6D-4CA3-8B9D-CA94ED0C04AC}.Debug|x86.Build.0 = Debug|Any CPU
		{3C021119-6C6D-4CA3-8B9D-CA94ED0C04AC}.Release|Any CPU.ActiveCfg = Release|Any CPU
		{3C021119-6C6D-4CA3-8B9D-CA94ED0C04AC}.Release|Any CPU.Build.0 = Release|Any CPU
		{3C021119-6C6D-4CA3-8B9D-CA94ED0C04AC}.Release|x64.ActiveCfg = Release|Any CPU
		{3C021119-6C6D-4CA3-8B9D-CA94ED0C04AC}.Release|x64.Build.0 = Release|Any CPU
		{3C021119-6C6D-4CA3-8B9D-CA94ED0C04AC}.Release|x86.ActiveCfg = Release|Any CPU
		{3C021119-6C6D-4CA3-8B9D-CA94ED0C04AC}.Release|x86.Build.0 = Release|Any CPU
		{64E5BF0F-BEC9-450F-B48E-5F4FB0EDF8A9}.Debug|Any CPU.ActiveCfg = Debug|Any CPU
		{64E5BF0F-BEC9-450F-B48E-5F4FB0EDF8A9}.Debug|Any CPU.Build.0 = Debug|Any CPU
		{64E5BF0F-BEC9-450F-B48E-5F4FB0EDF8A9}.Debug|x64.ActiveCfg = Debug|Any CPU
		{64E5BF0F-BEC9-450F-B48E-5F4FB0EDF8A9}.Debug|x64.Build.0 = Debug|Any CPU
		{64E5BF0F-BEC9-450F-B48E-5F4FB0EDF8A9}.Debug|x86.ActiveCfg = Debug|Any CPU
		{64E5BF0F-BEC9-450F-B48E-5F4FB0EDF8A9}.Debug|x86.Build.0 = Debug|Any CPU
		{64E5BF0F-BEC9-450F-B48E-5F4FB0EDF8A9}.Release|Any CPU.ActiveCfg = Release|Any CPU
		{64E5BF0F-BEC9-450F-B48E-5F4FB0EDF8A9}.Release|Any CPU.Build.0 = Release|Any CPU
		{64E5BF0F-BEC9-450F-B48E-5F4FB0EDF8A9}.Release|x64.ActiveCfg = Release|Any CPU
		{64E5BF0F-BEC9-450F-B48E-5F4FB0EDF8A9}.Release|x64.Build.0 = Release|Any CPU
		{64E5BF0F-BEC9-450F-B48E-5F4FB0EDF8A9}.Release|x86.ActiveCfg = Release|Any CPU
		{64E5BF0F-BEC9-450F-B48E-5F4FB0EDF8A9}.Release|x86.Build.0 = Release|Any CPU
		{B618F033-39C2-4B73-8287-254EBBF4B3EB}.Debug|Any CPU.ActiveCfg = Debug|Any CPU
		{B618F033-39C2-4B73-8287-254EBBF4B3EB}.Debug|Any CPU.Build.0 = Debug|Any CPU
		{B618F033-39C2-4B73-8287-254EBBF4B3EB}.Debug|x64.ActiveCfg = Debug|Any CPU
		{B618F033-39C2-4B73-8287-254EBBF4B3EB}.Debug|x64.Build.0 = Debug|Any CPU
		{B618F033-39C2-4B73-8287-254EBBF4B3EB}.Debug|x86.ActiveCfg = Debug|Any CPU
		{B618F033-39C2-4B73-8287-254EBBF4B3EB}.Debug|x86.Build.0 = Debug|Any CPU
		{B618F033-39C2-4B73-8287-254EBBF4B3EB}.Release|Any CPU.ActiveCfg = Release|Any CPU
		{B618F033-39C2-4B73-8287-254EBBF4B3EB}.Release|Any CPU.Build.0 = Release|Any CPU
		{B618F033-39C2-4B73-8287-254EBBF4B3EB}.Release|x64.ActiveCfg = Release|Any CPU
		{B618F033-39C2-4B73-8287-254EBBF4B3EB}.Release|x64.Build.0 = Release|Any CPU
		{B618F033-39C2-4B73-8287-254EBBF4B3EB}.Release|x86.ActiveCfg = Release|Any CPU
		{B618F033-39C2-4B73-8287-254EBBF4B3EB}.Release|x86.Build.0 = Release|Any CPU
		{E6369B2C-E1BC-4361-A903-E221D1664B81}.Debug|Any CPU.ActiveCfg = Debug|Any CPU
		{E6369B2C-E1BC-4361-A903-E221D1664B81}.Debug|Any CPU.Build.0 = Debug|Any CPU
		{E6369B2C-E1BC-4361-A903-E221D1664B81}.Debug|x64.ActiveCfg = Debug|Any CPU
		{E6369B2C-E1BC-4361-A903-E221D1664B81}.Debug|x64.Build.0 = Debug|Any CPU
		{E6369B2C-E1BC-4361-A903-E221D1664B81}.Debug|x86.ActiveCfg = Debug|Any CPU
		{E6369B2C-E1BC-4361-A903-E221D1664B81}.Debug|x86.Build.0 = Debug|Any CPU
		{E6369B2C-E1BC-4361-A903-E221D1664B81}.Release|Any CPU.ActiveCfg = Release|Any CPU
		{E6369B2C-E1BC-4361-A903-E221D1664B81}.Release|Any CPU.Build.0 = Release|Any CPU
		{E6369B2C-E1BC-4361-A903-E221D1664B81}.Release|x64.ActiveCfg = Release|Any CPU
		{E6369B2C-E1BC-4361-A903-E221D1664B81}.Release|x64.Build.0 = Release|Any CPU
		{E6369B2C-E1BC-4361-A903-E221D1664B81}.Release|x86.ActiveCfg = Release|Any CPU
		{E6369B2C-E1BC-4361-A903-E221D1664B81}.Release|x86.Build.0 = Release|Any CPU
		{EFF41EAC-132E-4C3E-AC80-1B6339EA0639}.Debug|Any CPU.ActiveCfg = Debug|Any CPU
		{EFF41EAC-132E-4C3E-AC80-1B6339EA0639}.Debug|Any CPU.Build.0 = Debug|Any CPU
		{EFF41EAC-132E-4C3E-AC80-1B6339EA0639}.Debug|x64.ActiveCfg = Debug|Any CPU
		{EFF41EAC-132E-4C3E-AC80-1B6339EA0639}.Debug|x64.Build.0 = Debug|Any CPU
		{EFF41EAC-132E-4C3E-AC80-1B6339EA0639}.Debug|x86.ActiveCfg = Debug|Any CPU
		{EFF41EAC-132E-4C3E-AC80-1B6339EA0639}.Debug|x86.Build.0 = Debug|Any CPU
		{EFF41EAC-132E-4C3E-AC80-1B6339EA0639}.Release|Any CPU.ActiveCfg = Release|Any CPU
		{EFF41EAC-132E-4C3E-AC80-1B6339EA0639}.Release|Any CPU.Build.0 = Release|Any CPU
		{EFF41EAC-132E-4C3E-AC80-1B6339EA0639}.Release|x64.ActiveCfg = Release|Any CPU
		{EFF41EAC-132E-4C3E-AC80-1B6339EA0639}.Release|x64.Build.0 = Release|Any CPU
		{EFF41EAC-132E-4C3E-AC80-1B6339EA0639}.Release|x86.ActiveCfg = Release|Any CPU
		{EFF41EAC-132E-4C3E-AC80-1B6339EA0639}.Release|x86.Build.0 = Release|Any CPU
		{EFF1AE90-00C4-4E32-96D6-4D15AF228485}.Debug|Any CPU.ActiveCfg = Debug|Any CPU
		{EFF1AE90-00C4-4E32-96D6-4D15AF228485}.Debug|Any CPU.Build.0 = Debug|Any CPU
		{EFF1AE90-00C4-4E32-96D6-4D15AF228485}.Debug|x64.ActiveCfg = Debug|Any CPU
		{EFF1AE90-00C4-4E32-96D6-4D15AF228485}.Debug|x64.Build.0 = Debug|Any CPU
		{EFF1AE90-00C4-4E32-96D6-4D15AF228485}.Debug|x86.ActiveCfg = Debug|Any CPU
		{EFF1AE90-00C4-4E32-96D6-4D15AF228485}.Debug|x86.Build.0 = Debug|Any CPU
		{EFF1AE90-00C4-4E32-96D6-4D15AF228485}.Release|Any CPU.ActiveCfg = Release|Any CPU
		{EFF1AE90-00C4-4E32-96D6-4D15AF228485}.Release|Any CPU.Build.0 = Release|Any CPU
		{EFF1AE90-00C4-4E32-96D6-4D15AF228485}.Release|x64.ActiveCfg = Release|Any CPU
		{EFF1AE90-00C4-4E32-96D6-4D15AF228485}.Release|x64.Build.0 = Release|Any CPU
		{EFF1AE90-00C4-4E32-96D6-4D15AF228485}.Release|x86.ActiveCfg = Release|Any CPU
		{EFF1AE90-00C4-4E32-96D6-4D15AF228485}.Release|x86.Build.0 = Release|Any CPU
		{2CEF5285-82EF-40A0-9999-40E2EA229A22}.Debug|Any CPU.ActiveCfg = Debug|Any CPU
		{2CEF5285-82EF-40A0-9999-40E2EA229A22}.Debug|Any CPU.Build.0 = Debug|Any CPU
		{2CEF5285-82EF-40A0-9999-40E2EA229A22}.Debug|x64.ActiveCfg = Debug|Any CPU
		{2CEF5285-82EF-40A0-9999-40E2EA229A22}.Debug|x64.Build.0 = Debug|Any CPU
		{2CEF5285-82EF-40A0-9999-40E2EA229A22}.Debug|x86.ActiveCfg = Debug|Any CPU
		{2CEF5285-82EF-40A0-9999-40E2EA229A22}.Debug|x86.Build.0 = Debug|Any CPU
		{2CEF5285-82EF-40A0-9999-40E2EA229A22}.Release|Any CPU.ActiveCfg = Release|Any CPU
		{2CEF5285-82EF-40A0-9999-40E2EA229A22}.Release|Any CPU.Build.0 = Release|Any CPU
		{2CEF5285-82EF-40A0-9999-40E2EA229A22}.Release|x64.ActiveCfg = Release|Any CPU
		{2CEF5285-82EF-40A0-9999-40E2EA229A22}.Release|x64.Build.0 = Release|Any CPU
		{2CEF5285-82EF-40A0-9999-40E2EA229A22}.Release|x86.ActiveCfg = Release|Any CPU
		{2CEF5285-82EF-40A0-9999-40E2EA229A22}.Release|x86.Build.0 = Release|Any CPU
		{2E6E77FD-BB9D-4230-AC79-DEDD2319E093}.Debug|Any CPU.ActiveCfg = Debug|Any CPU
		{2E6E77FD-BB9D-4230-AC79-DEDD2319E093}.Debug|Any CPU.Build.0 = Debug|Any CPU
		{2E6E77FD-BB9D-4230-AC79-DEDD2319E093}.Debug|x64.ActiveCfg = Debug|Any CPU
		{2E6E77FD-BB9D-4230-AC79-DEDD2319E093}.Debug|x64.Build.0 = Debug|Any CPU
		{2E6E77FD-BB9D-4230-AC79-DEDD2319E093}.Debug|x86.ActiveCfg = Debug|Any CPU
		{2E6E77FD-BB9D-4230-AC79-DEDD2319E093}.Debug|x86.Build.0 = Debug|Any CPU
		{2E6E77FD-BB9D-4230-AC79-DEDD2319E093}.Release|Any CPU.ActiveCfg = Release|Any CPU
		{2E6E77FD-BB9D-4230-AC79-DEDD2319E093}.Release|Any CPU.Build.0 = Release|Any CPU
		{2E6E77FD-BB9D-4230-AC79-DEDD2319E093}.Release|x64.ActiveCfg = Release|Any CPU
		{2E6E77FD-BB9D-4230-AC79-DEDD2319E093}.Release|x64.Build.0 = Release|Any CPU
		{2E6E77FD-BB9D-4230-AC79-DEDD2319E093}.Release|x86.ActiveCfg = Release|Any CPU
		{2E6E77FD-BB9D-4230-AC79-DEDD2319E093}.Release|x86.Build.0 = Release|Any CPU
		{8389EDE9-F553-4C78-83C6-0D1234A19A2B}.Debug|Any CPU.ActiveCfg = Debug|Any CPU
		{8389EDE9-F553-4C78-83C6-0D1234A19A2B}.Debug|Any CPU.Build.0 = Debug|Any CPU
		{8389EDE9-F553-4C78-83C6-0D1234A19A2B}.Debug|x64.ActiveCfg = Debug|Any CPU
		{8389EDE9-F553-4C78-83C6-0D1234A19A2B}.Debug|x64.Build.0 = Debug|Any CPU
		{8389EDE9-F553-4C78-83C6-0D1234A19A2B}.Debug|x86.ActiveCfg = Debug|Any CPU
		{8389EDE9-F553-4C78-83C6-0D1234A19A2B}.Debug|x86.Build.0 = Debug|Any CPU
		{8389EDE9-F553-4C78-83C6-0D1234A19A2B}.Release|Any CPU.ActiveCfg = Release|Any CPU
		{8389EDE9-F553-4C78-83C6-0D1234A19A2B}.Release|Any CPU.Build.0 = Release|Any CPU
		{8389EDE9-F553-4C78-83C6-0D1234A19A2B}.Release|x64.ActiveCfg = Release|Any CPU
		{8389EDE9-F553-4C78-83C6-0D1234A19A2B}.Release|x64.Build.0 = Release|Any CPU
		{8389EDE9-F553-4C78-83C6-0D1234A19A2B}.Release|x86.ActiveCfg = Release|Any CPU
		{8389EDE9-F553-4C78-83C6-0D1234A19A2B}.Release|x86.Build.0 = Release|Any CPU
		{9B5D3165-66F1-46FB-A3EA-6D8DA71A6086}.Debug|Any CPU.ActiveCfg = Debug|Any CPU
		{9B5D3165-66F1-46FB-A3EA-6D8DA71A6086}.Debug|Any CPU.Build.0 = Debug|Any CPU
		{9B5D3165-66F1-46FB-A3EA-6D8DA71A6086}.Debug|x64.ActiveCfg = Debug|Any CPU
		{9B5D3165-66F1-46FB-A3EA-6D8DA71A6086}.Debug|x64.Build.0 = Debug|Any CPU
		{9B5D3165-66F1-46FB-A3EA-6D8DA71A6086}.Debug|x86.ActiveCfg = Debug|Any CPU
		{9B5D3165-66F1-46FB-A3EA-6D8DA71A6086}.Debug|x86.Build.0 = Debug|Any CPU
		{9B5D3165-66F1-46FB-A3EA-6D8DA71A6086}.Release|Any CPU.ActiveCfg = Release|Any CPU
		{9B5D3165-66F1-46FB-A3EA-6D8DA71A6086}.Release|Any CPU.Build.0 = Release|Any CPU
		{9B5D3165-66F1-46FB-A3EA-6D8DA71A6086}.Release|x64.ActiveCfg = Release|Any CPU
		{9B5D3165-66F1-46FB-A3EA-6D8DA71A6086}.Release|x64.Build.0 = Release|Any CPU
		{9B5D3165-66F1-46FB-A3EA-6D8DA71A6086}.Release|x86.ActiveCfg = Release|Any CPU
		{9B5D3165-66F1-46FB-A3EA-6D8DA71A6086}.Release|x86.Build.0 = Release|Any CPU
		{D4B215DE-7D76-4FC8-BB38-4EE661675013}.Debug|Any CPU.ActiveCfg = Debug|Any CPU
		{D4B215DE-7D76-4FC8-BB38-4EE661675013}.Debug|Any CPU.Build.0 = Debug|Any CPU
		{D4B215DE-7D76-4FC8-BB38-4EE661675013}.Debug|x64.ActiveCfg = Debug|Any CPU
		{D4B215DE-7D76-4FC8-BB38-4EE661675013}.Debug|x64.Build.0 = Debug|Any CPU
		{D4B215DE-7D76-4FC8-BB38-4EE661675013}.Debug|x86.ActiveCfg = Debug|Any CPU
		{D4B215DE-7D76-4FC8-BB38-4EE661675013}.Debug|x86.Build.0 = Debug|Any CPU
		{D4B215DE-7D76-4FC8-BB38-4EE661675013}.Release|Any CPU.ActiveCfg = Release|Any CPU
		{D4B215DE-7D76-4FC8-BB38-4EE661675013}.Release|Any CPU.Build.0 = Release|Any CPU
		{D4B215DE-7D76-4FC8-BB38-4EE661675013}.Release|x64.ActiveCfg = Release|Any CPU
		{D4B215DE-7D76-4FC8-BB38-4EE661675013}.Release|x64.Build.0 = Release|Any CPU
		{D4B215DE-7D76-4FC8-BB38-4EE661675013}.Release|x86.ActiveCfg = Release|Any CPU
		{D4B215DE-7D76-4FC8-BB38-4EE661675013}.Release|x86.Build.0 = Release|Any CPU
		{52F731B2-E52F-4EA9-AF3B-A96E06268619}.Debug|Any CPU.ActiveCfg = Debug|Any CPU
		{52F731B2-E52F-4EA9-AF3B-A96E06268619}.Debug|Any CPU.Build.0 = Debug|Any CPU
		{52F731B2-E52F-4EA9-AF3B-A96E06268619}.Debug|x64.ActiveCfg = Debug|Any CPU
		{52F731B2-E52F-4EA9-AF3B-A96E06268619}.Debug|x64.Build.0 = Debug|Any CPU
		{52F731B2-E52F-4EA9-AF3B-A96E06268619}.Debug|x86.ActiveCfg = Debug|Any CPU
		{52F731B2-E52F-4EA9-AF3B-A96E06268619}.Debug|x86.Build.0 = Debug|Any CPU
		{52F731B2-E52F-4EA9-AF3B-A96E06268619}.Release|Any CPU.ActiveCfg = Release|Any CPU
		{52F731B2-E52F-4EA9-AF3B-A96E06268619}.Release|Any CPU.Build.0 = Release|Any CPU
		{52F731B2-E52F-4EA9-AF3B-A96E06268619}.Release|x64.ActiveCfg = Release|Any CPU
		{52F731B2-E52F-4EA9-AF3B-A96E06268619}.Release|x64.Build.0 = Release|Any CPU
		{52F731B2-E52F-4EA9-AF3B-A96E06268619}.Release|x86.ActiveCfg = Release|Any CPU
		{52F731B2-E52F-4EA9-AF3B-A96E06268619}.Release|x86.Build.0 = Release|Any CPU
		{35A10E29-585A-4576-9D75-A641FB88F07A}.Debug|Any CPU.ActiveCfg = Debug|Any CPU
		{35A10E29-585A-4576-9D75-A641FB88F07A}.Debug|Any CPU.Build.0 = Debug|Any CPU
		{35A10E29-585A-4576-9D75-A641FB88F07A}.Debug|x64.ActiveCfg = Debug|Any CPU
		{35A10E29-585A-4576-9D75-A641FB88F07A}.Debug|x64.Build.0 = Debug|Any CPU
		{35A10E29-585A-4576-9D75-A641FB88F07A}.Debug|x86.ActiveCfg = Debug|Any CPU
		{35A10E29-585A-4576-9D75-A641FB88F07A}.Debug|x86.Build.0 = Debug|Any CPU
		{35A10E29-585A-4576-9D75-A641FB88F07A}.Release|Any CPU.ActiveCfg = Release|Any CPU
		{35A10E29-585A-4576-9D75-A641FB88F07A}.Release|Any CPU.Build.0 = Release|Any CPU
		{35A10E29-585A-4576-9D75-A641FB88F07A}.Release|x64.ActiveCfg = Release|Any CPU
		{35A10E29-585A-4576-9D75-A641FB88F07A}.Release|x64.Build.0 = Release|Any CPU
		{35A10E29-585A-4576-9D75-A641FB88F07A}.Release|x86.ActiveCfg = Release|Any CPU
		{35A10E29-585A-4576-9D75-A641FB88F07A}.Release|x86.Build.0 = Release|Any CPU
	EndGlobalSection
	GlobalSection(SolutionProperties) = preSolution
		HideSolutionNode = FALSE
	EndGlobalSection
EndGlobal
