
Microsoft Visual Studio Solution File, Format Version 12.00
# Visual Studio Version 17
VisualStudioVersion = 17.0.31903.59
MinimumVisualStudioVersion = 10.0.40219.1
Project("{FAE04EC0-301F-11D3-BF4B-00C04F79EFBC}") = "C#-learning", "C#-learning\C#-learning.csproj", "{3A2977EB-6FEB-4EC2-9383-996AA0CFFE58}"
EndProject
Project("{FAE04EC0-301F-11D3-BF4B-00C04F79EFBC}") = "datatypes", "datatypes\datatypes.csproj", "{48573D55-A6DB-42C2-A4E0-97B7500FDB19}"
EndProject
Project("{FAE04EC0-301F-11D3-BF4B-00C04F79EFBC}") = "Operators", "Operators\Operators.csproj", "{A022B501-975D-4424-84D6-5F81646DB7E2}"
EndProject
Project("{FAE04EC0-301F-11D3-BF4B-00C04F79EFBC}") = "Conditional", "Conditional\Conditional.csproj", "{B3DF077E-8E3B-4448-AF2C-8DA78BCBE5F1}"
EndProject
Project("{FAE04EC0-301F-11D3-BF4B-00C04F79EFBC}") = "Loop", "Loop\Loop.csproj", "{F223F84C-BB66-45EF-BE4D-CDC98CD131BD}"
EndProject
Project("{FAE04EC0-301F-11D3-BF4B-00C04F79EFBC}") = "Strings", "Strings\Strings.csproj", "{38DF8E74-B5BC-432C-8698-9D972E50B9E3}"
EndProject
Project("{FAE04EC0-301F-11D3-BF4B-00C04F79EFBC}") = "Array", "Array\Array.csproj", "{F8E268F8-F490-4253-9506-3D5F1C632198}"
EndProject
Project("{FAE04EC0-301F-11D3-BF4B-00C04F79EFBC}") = "MethodParameters", "MethodParameters\MethodParameters.csproj", "{5411298A-B8B8-4264-8CC8-7FD98D87F71D}"
EndProject
Project("{FAE04EC0-301F-11D3-BF4B-00C04F79EFBC}") = "Methods", "Methods\Methods.csproj", "{3C021119-6C6D-4CA3-8B9D-CA94ED0C04AC}"
EndProject
Project("{FAE04EC0-301F-11D3-BF4B-00C04F79EFBC}") = "Classes", "Classes\Classes.csproj", "{64E5BF0F-BEC9-450F-B48E-5F4FB0EDF8A9}"
EndProject
Project("{FAE04EC0-301F-11D3-BF4B-00C04F79EFBC}") = "OOPS-TypesOfClasses", "OOPS-TypesOfClasses\OOPS-TypesOfClasses.csproj", "{E6369B2C-E1BC-4361-A903-E221D1664B81}"
EndProject
Project("{FAE04EC0-301F-11D3-BF4B-00C04F79EFBC}") = "OOPS-AccessModifiers", "OOPS-AccessModifiers\OOPS-AccessModifiers.csproj", "{EFF41EAC-132E-4C3E-AC80-1B6339EA0639}"
EndProject
Project("{FAE04EC0-301F-11D3-BF4B-00C04F79EFBC}") = "OOPS-Inheritance", "OOPS-Inheritance\OOPS-Inheritance.csproj", "{EFF1AE90-00C4-4E32-96D6-4D15AF228485}"
EndProject
Project("{FAE04EC0-301F-11D3-BF4B-00C04F79EFBC}") = "OOPS-Polymorphism", "OOPS-Polymorphism\OOPS-Polymorphism.csproj", "{2CEF5285-82EF-40A0-9999-40E2EA229A22}"
EndProject
Project("{FAE04EC0-301F-11D3-BF4B-00C04F79EFBC}") = "OOPS-Abstraction", "OOPS-Abstraction\OOPS-Abstraction.csproj", "{2E6E77FD-BB9D-4230-AC79-DEDD2319E093}"
EndProject
Project("{FAE04EC0-301F-11D3-BF4B-00C04F79EFBC}") = "Namespaces", "Namespaces\Namespaces.csproj", "{8389EDE9-F553-4C78-83C6-0D1234A19A2B}"
EndProject
Project("{FAE04EC0-301F-11D3-BF4B-00C04F79EFBC}") = "OOPS-Encapsulation", "OOPS-Encapsulation\OOPS-Encapsulation.csproj", "{9B5D3165-66F1-46FB-A3EA-6D8DA71A6086}"
EndProject
Project("{FAE04EC0-301F-11D3-BF4B-00C04F79EFBC}") = "OOPS-AccessModifiers2", "OOPS-AccessModifiers2\OOPS-AccessModifiers2.csproj", "{D4B215DE-7D76-4FC8-BB38-4EE661675013}"
EndProject
Project("{FAE04EC0-301F-11D3-BF4B-00C04F79EFBC}") = "OOPS-Constructors", "OOPS-Constructors\OOPS-Constructors.csproj", "{52F731B2-E52F-4EA9-AF3B-A96E06268619}"
EndProject
Project("{FAE04EC0-301F-11D3-BF4B-00C04F79EFBC}") = "OOPS-Destructors", "OOPS-Destructors\OOPS-Destructors.csproj", "{35A10E29-585A-4576-9D75-A641FB88F07A}"
EndProject
Project("{FAE04EC0-301F-11D3-BF4B-00C04F79EFBC}") = "MemberAccessAndNullConditionalOperators", "MemberAccessAndNullConditionalOperators\MemberAccessAndNullConditionalOperators.csproj", "{D9F17582-3BB1-4D74-ACF4-2C7ECDCF15CC}"
EndProject
Project("{FAE04EC0-301F-11D3-BF4B-00C04F79EFBC}") = "TypeCasting", "TypeCasting\TypeCasting.csproj", "{1CE2BFA5-EEB0-4636-A0CD-86B01F643743}"
EndProject
Project("{FAE04EC0-301F-11D3-BF4B-00C04F79EFBC}") = "ReferenceType", "ReferenceType\ReferenceType.csproj", "{944A0C94-7566-4548-AF97-9A29CD2AD450}"
EndProject
Project("{FAE04EC0-301F-11D3-BF4B-00C04F79EFBC}") = "Interface", "Interface\Interface.csproj", "{96F296EE-D008-4782-9FF9-CE8D879808AF}"
EndProject
Project("{FAE04EC0-301F-11D3-BF4B-00C04F79EFBC}") = "Abstract", "Abstract\Abstract.csproj", "{2B2EADDB-F889-4D53-9400-1CAFAA6EA3C9}"
EndProject
Project("{FAE04EC0-301F-11D3-BF4B-00C04F79EFBC}") = "StaticKeyword", "StaticKeyword\StaticKeyword.csproj", "{D6699810-C604-4779-84ED-F8DC7F15A96D}"
EndProject
Project("{FAE04EC0-301F-11D3-BF4B-00C04F79EFBC}") = "Using-Statements", "Using-Statements\Using-Statements.csproj", "{CCE8383B-8C02-4A08-B68A-41548D12A831}"
EndProject
Project("{FAE04EC0-301F-11D3-BF4B-00C04F79EFBC}") = "AccessKeywords", "AccessKeywords\AccessKeywords.csproj", "{53DD642B-5AFF-4699-9A97-11A1CF7FCEDB}"
EndProject
Project("{FAE04EC0-301F-11D3-BF4B-00C04F79EFBC}") = "Variables", "Variables\Variables.csproj", "{8A4F844E-C5D6-4301-8F28-1A168CF17B3F}"
EndProject
Project("{FAE04EC0-301F-11D3-BF4B-00C04F79EFBC}") = "Type-Testing", "Type-Testing\Type-Testing.csproj", "{AD0E598A-37E6-451D-8E4E-261A59F2195C}"
EndProject
Project("{FAE04EC0-301F-11D3-BF4B-00C04F79EFBC}") = "Struct", "Struct\Struct.csproj", "{CB2172A4-730F-4172-B176-C3F5BDE54B85}"
EndProject
Project("{FAE04EC0-301F-11D3-BF4B-00C04F79EFBC}") = "Enumeration", "Enumeration\Enumeration.csproj", "{7E93258E-E1FB-474C-991A-5EB9466675E5}"
EndProject
Project("{FAE04EC0-301F-11D3-BF4B-00C04F79EFBC}") = "Properties", "Properties\Properties.csproj", "{90AEC45A-AABF-4C4C-9738-3A855F17549D}"
EndProject
Project("{FAE04EC0-301F-11D3-BF4B-00C04F79EFBC}") = "Collections", "Collections\Collections.csproj", "{52915DBE-903F-4963-81F2-5C9ED28C2460}"
EndProject
Project("{FAE04EC0-301F-11D3-BF4B-00C04F79EFBC}") = "Generics", "Generics\Generics.csproj", "{FF1103C2-3EDB-4332-AC26-31D27FFA377A}"
EndProject
Project("{FAE04EC0-301F-11D3-BF4B-00C04F79EFBC}") = "Boxing-Unboxing", "Boxing-Unboxing\Boxing-Unboxing.csproj", "{F826BC70-B5A2-47D7-B47B-997400ADCD92}"
EndProject
Project("{FAE04EC0-301F-11D3-BF4B-00C04F79EFBC}") = "Exception-handling", "Exception-handling\Exception-handling.csproj", "{89674D88-AC43-4B9F-8407-2158DFE7DC9E}"
EndProject
Project("{FAE04EC0-301F-11D3-BF4B-00C04F79EFBC}") = "Delegates", "Delegates\Delegates.csproj", "{0BEEAE15-AD01-4DF9-95EE-E0A3072A7271}"
EndProject
Project("{FAE04EC0-301F-11D3-BF4B-00C04F79EFBC}") = "LambdaFunctions", "LambdaFunctions\LambdaFunctions.csproj", "{7814F165-5668-48DB-B3F5-0F92CFBA8564}"
EndProject
Project("{FAE04EC0-301F-11D3-BF4B-00C04F79EFBC}") = "Attributes", "Attributes\Attributes.csproj", "{128110F6-DBDE-40A2-81A9-137996AE6808}"
EndProject
Project("{FAE04EC0-301F-11D3-BF4B-00C04F79EFBC}") = "Operator-Overloading", "Operator-Overloading\Operator-Overloading.csproj", "{5CF9E434-5803-4300-8FF3-718D6850C61E}"
EndProject
Project("{FAE04EC0-301F-11D3-BF4B-00C04F79EFBC}") = "Asynchronous-Programming", "Asynchronous-Programming\Asynchronous-Programming.csproj", "{9F0F6D39-1355-4B42-9B07-0A85F93709C2}"
EndProject
Project("{FAE04EC0-301F-11D3-BF4B-00C04F79EFBC}") = "LINQ", "LINQ\LINQ.csproj", "{13D1641A-6A7D-47C0-BF11-6E772C33510A}"
EndProject
Project("{FAE04EC0-301F-11D3-BF4B-00C04F79EFBC}") = "Preprocessor-Directives", "Preprocessor-Directives\Preprocessor-Directives.csproj", "{9EABCA58-8277-4DD0-9BAE-96B8B454A2E4}"
EndProject
Project("{FAE04EC0-301F-11D3-BF4B-00C04F79EFBC}") = "Events", "Events\Events.csproj", "{78AD1EE2-2366-4986-9124-45CD3C46198A}"
EndProject
Project("{FAE04EC0-301F-11D3-BF4B-00C04F79EFBC}") = "Indexers", "Indexers\Indexers.csproj", "{6CAF1168-604A-49D3-BADB-D265A7BDB44D}"
EndProject
Project("{FAE04EC0-301F-11D3-BF4B-00C04F79EFBC}") = "Singleton-Pattern", "Singleton-Pattern\Singleton-Pattern.csproj", "{D2822238-CCAB-47FA-955F-3BD8E04B14DB}"
EndProject
Global
	GlobalSection(SolutionConfigurationPlatforms) = preSolution
		Debug|Any CPU = Debug|Any CPU
		Debug|x64 = Debug|x64
		Debug|x86 = Debug|x86
		Release|Any CPU = Release|Any CPU
		Release|x64 = Release|x64
		Release|x86 = Release|x86
	EndGlobalSection
	GlobalSection(ProjectConfigurationPlatforms) = postSolution
		{3A2977EB-6FEB-4EC2-9383-996AA0CFFE58}.Debug|Any CPU.ActiveCfg = Debug|Any CPU
		{3A2977EB-6FEB-4EC2-9383-996AA0CFFE58}.Debug|Any CPU.Build.0 = Debug|Any CPU
		{3A2977EB-6FEB-4EC2-9383-996AA0CFFE58}.Debug|x64.ActiveCfg = Debug|Any CPU
		{3A2977EB-6FEB-4EC2-9383-996AA0CFFE58}.Debug|x64.Build.0 = Debug|Any CPU
		{3A2977EB-6FEB-4EC2-9383-996AA0CFFE58}.Debug|x86.ActiveCfg = Debug|Any CPU
		{3A2977EB-6FEB-4EC2-9383-996AA0CFFE58}.Debug|x86.Build.0 = Debug|Any CPU
		{3A2977EB-6FEB-4EC2-9383-996AA0CFFE58}.Release|Any CPU.ActiveCfg = Release|Any CPU
		{3A2977EB-6FEB-4EC2-9383-996AA0CFFE58}.Release|Any CPU.Build.0 = Release|Any CPU
		{3A2977EB-6FEB-4EC2-9383-996AA0CFFE58}.Release|x64.ActiveCfg = Release|Any CPU
		{3A2977EB-6FEB-4EC2-9383-996AA0CFFE58}.Release|x64.Build.0 = Release|Any CPU
		{3A2977EB-6FEB-4EC2-9383-996AA0CFFE58}.Release|x86.ActiveCfg = Release|Any CPU
		{3A2977EB-6FEB-4EC2-9383-996AA0CFFE58}.Release|x86.Build.0 = Release|Any CPU
		{48573D55-A6DB-42C2-A4E0-97B7500FDB19}.Debug|Any CPU.ActiveCfg = Debug|Any CPU
		{48573D55-A6DB-42C2-A4E0-97B7500FDB19}.Debug|Any CPU.Build.0 = Debug|Any CPU
		{48573D55-A6DB-42C2-A4E0-97B7500FDB19}.Debug|x64.ActiveCfg = Debug|Any CPU
		{48573D55-A6DB-42C2-A4E0-97B7500FDB19}.Debug|x64.Build.0 = Debug|Any CPU
		{48573D55-A6DB-42C2-A4E0-97B7500FDB19}.Debug|x86.ActiveCfg = Debug|Any CPU
		{48573D55-A6DB-42C2-A4E0-97B7500FDB19}.Debug|x86.Build.0 = Debug|Any CPU
		{48573D55-A6DB-42C2-A4E0-97B7500FDB19}.Release|Any CPU.ActiveCfg = Release|Any CPU
		{48573D55-A6DB-42C2-A4E0-97B7500FDB19}.Release|Any CPU.Build.0 = Release|Any CPU
		{48573D55-A6DB-42C2-A4E0-97B7500FDB19}.Release|x64.ActiveCfg = Release|Any CPU
		{48573D55-A6DB-42C2-A4E0-97B7500FDB19}.Release|x64.Build.0 = Release|Any CPU
		{48573D55-A6DB-42C2-A4E0-97B7500FDB19}.Release|x86.ActiveCfg = Release|Any CPU
		{48573D55-A6DB-42C2-A4E0-97B7500FDB19}.Release|x86.Build.0 = Release|Any CPU
		{A022B501-975D-4424-84D6-5F81646DB7E2}.Debug|Any CPU.ActiveCfg = Debug|Any CPU
		{A022B501-975D-4424-84D6-5F81646DB7E2}.Debug|Any CPU.Build.0 = Debug|Any CPU
		{A022B501-975D-4424-84D6-5F81646DB7E2}.Debug|x64.ActiveCfg = Debug|Any CPU
		{A022B501-975D-4424-84D6-5F81646DB7E2}.Debug|x64.Build.0 = Debug|Any CPU
		{A022B501-975D-4424-84D6-5F81646DB7E2}.Debug|x86.ActiveCfg = Debug|Any CPU
		{A022B501-975D-4424-84D6-5F81646DB7E2}.Debug|x86.Build.0 = Debug|Any CPU
		{A022B501-975D-4424-84D6-5F81646DB7E2}.Release|Any CPU.ActiveCfg = Release|Any CPU
		{A022B501-975D-4424-84D6-5F81646DB7E2}.Release|Any CPU.Build.0 = Release|Any CPU
		{A022B501-975D-4424-84D6-5F81646DB7E2}.Release|x64.ActiveCfg = Release|Any CPU
		{A022B501-975D-4424-84D6-5F81646DB7E2}.Release|x64.Build.0 = Release|Any CPU
		{A022B501-975D-4424-84D6-5F81646DB7E2}.Release|x86.ActiveCfg = Release|Any CPU
		{A022B501-975D-4424-84D6-5F81646DB7E2}.Release|x86.Build.0 = Release|Any CPU
		{B3DF077E-8E3B-4448-AF2C-8DA78BCBE5F1}.Debug|Any CPU.ActiveCfg = Debug|Any CPU
		{B3DF077E-8E3B-4448-AF2C-8DA78BCBE5F1}.Debug|Any CPU.Build.0 = Debug|Any CPU
		{B3DF077E-8E3B-4448-AF2C-8DA78BCBE5F1}.Debug|x64.ActiveCfg = Debug|Any CPU
		{B3DF077E-8E3B-4448-AF2C-8DA78BCBE5F1}.Debug|x64.Build.0 = Debug|Any CPU
		{B3DF077E-8E3B-4448-AF2C-8DA78BCBE5F1}.Debug|x86.ActiveCfg = Debug|Any CPU
		{B3DF077E-8E3B-4448-AF2C-8DA78BCBE5F1}.Debug|x86.Build.0 = Debug|Any CPU
		{B3DF077E-8E3B-4448-AF2C-8DA78BCBE5F1}.Release|Any CPU.ActiveCfg = Release|Any CPU
		{B3DF077E-8E3B-4448-AF2C-8DA78BCBE5F1}.Release|Any CPU.Build.0 = Release|Any CPU
		{B3DF077E-8E3B-4448-AF2C-8DA78BCBE5F1}.Release|x64.ActiveCfg = Release|Any CPU
		{B3DF077E-8E3B-4448-AF2C-8DA78BCBE5F1}.Release|x64.Build.0 = Release|Any CPU
		{B3DF077E-8E3B-4448-AF2C-8DA78BCBE5F1}.Release|x86.ActiveCfg = Release|Any CPU
		{B3DF077E-8E3B-4448-AF2C-8DA78BCBE5F1}.Release|x86.Build.0 = Release|Any CPU
		{F223F84C-BB66-45EF-BE4D-CDC98CD131BD}.Debug|Any CPU.ActiveCfg = Debug|Any CPU
		{F223F84C-BB66-45EF-BE4D-CDC98CD131BD}.Debug|Any CPU.Build.0 = Debug|Any CPU
		{F223F84C-BB66-45EF-BE4D-CDC98CD131BD}.Debug|x64.ActiveCfg = Debug|Any CPU
		{F223F84C-BB66-45EF-BE4D-CDC98CD131BD}.Debug|x64.Build.0 = Debug|Any CPU
		{F223F84C-BB66-45EF-BE4D-CDC98CD131BD}.Debug|x86.ActiveCfg = Debug|Any CPU
		{F223F84C-BB66-45EF-BE4D-CDC98CD131BD}.Debug|x86.Build.0 = Debug|Any CPU
		{F223F84C-BB66-45EF-BE4D-CDC98CD131BD}.Release|Any CPU.ActiveCfg = Release|Any CPU
		{F223F84C-BB66-45EF-BE4D-CDC98CD131BD}.Release|Any CPU.Build.0 = Release|Any CPU
		{F223F84C-BB66-45EF-BE4D-CDC98CD131BD}.Release|x64.ActiveCfg = Release|Any CPU
		{F223F84C-BB66-45EF-BE4D-CDC98CD131BD}.Release|x64.Build.0 = Release|Any CPU
		{F223F84C-BB66-45EF-BE4D-CDC98CD131BD}.Release|x86.ActiveCfg = Release|Any CPU
		{F223F84C-BB66-45EF-BE4D-CDC98CD131BD}.Release|x86.Build.0 = Release|Any CPU
		{38DF8E74-B5BC-432C-8698-9D972E50B9E3}.Debug|Any CPU.ActiveCfg = Debug|Any CPU
		{38DF8E74-B5BC-432C-8698-9D972E50B9E3}.Debug|Any CPU.Build.0 = Debug|Any CPU
		{38DF8E74-B5BC-432C-8698-9D972E50B9E3}.Debug|x64.ActiveCfg = Debug|Any CPU
		{38DF8E74-B5BC-432C-8698-9D972E50B9E3}.Debug|x64.Build.0 = Debug|Any CPU
		{38DF8E74-B5BC-432C-8698-9D972E50B9E3}.Debug|x86.ActiveCfg = Debug|Any CPU
		{38DF8E74-B5BC-432C-8698-9D972E50B9E3}.Debug|x86.Build.0 = Debug|Any CPU
		{38DF8E74-B5BC-432C-8698-9D972E50B9E3}.Release|Any CPU.ActiveCfg = Release|Any CPU
		{38DF8E74-B5BC-432C-8698-9D972E50B9E3}.Release|Any CPU.Build.0 = Release|Any CPU
		{38DF8E74-B5BC-432C-8698-9D972E50B9E3}.Release|x64.ActiveCfg = Release|Any CPU
		{38DF8E74-B5BC-432C-8698-9D972E50B9E3}.Release|x64.Build.0 = Release|Any CPU
		{38DF8E74-B5BC-432C-8698-9D972E50B9E3}.Release|x86.ActiveCfg = Release|Any CPU
		{38DF8E74-B5BC-432C-8698-9D972E50B9E3}.Release|x86.Build.0 = Release|Any CPU
		{F8E268F8-F490-4253-9506-3D5F1C632198}.Debug|Any CPU.ActiveCfg = Debug|Any CPU
		{F8E268F8-F490-4253-9506-3D5F1C632198}.Debug|Any CPU.Build.0 = Debug|Any CPU
		{F8E268F8-F490-4253-9506-3D5F1C632198}.Debug|x64.ActiveCfg = Debug|Any CPU
		{F8E268F8-F490-4253-9506-3D5F1C632198}.Debug|x64.Build.0 = Debug|Any CPU
		{F8E268F8-F490-4253-9506-3D5F1C632198}.Debug|x86.ActiveCfg = Debug|Any CPU
		{F8E268F8-F490-4253-9506-3D5F1C632198}.Debug|x86.Build.0 = Debug|Any CPU
		{F8E268F8-F490-4253-9506-3D5F1C632198}.Release|Any CPU.ActiveCfg = Release|Any CPU
		{F8E268F8-F490-4253-9506-3D5F1C632198}.Release|Any CPU.Build.0 = Release|Any CPU
		{F8E268F8-F490-4253-9506-3D5F1C632198}.Release|x64.ActiveCfg = Release|Any CPU
		{F8E268F8-F490-4253-9506-3D5F1C632198}.Release|x64.Build.0 = Release|Any CPU
		{F8E268F8-F490-4253-9506-3D5F1C632198}.Release|x86.ActiveCfg = Release|Any CPU
		{F8E268F8-F490-4253-9506-3D5F1C632198}.Release|x86.Build.0 = Release|Any CPU
		{5411298A-B8B8-4264-8CC8-7FD98D87F71D}.Debug|Any CPU.ActiveCfg = Debug|Any CPU
		{5411298A-B8B8-4264-8CC8-7FD98D87F71D}.Debug|Any CPU.Build.0 = Debug|Any CPU
		{5411298A-B8B8-4264-8CC8-7FD98D87F71D}.Debug|x64.ActiveCfg = Debug|Any CPU
		{5411298A-B8B8-4264-8CC8-7FD98D87F71D}.Debug|x64.Build.0 = Debug|Any CPU
		{5411298A-B8B8-4264-8CC8-7FD98D87F71D}.Debug|x86.ActiveCfg = Debug|Any CPU
		{5411298A-B8B8-4264-8CC8-7FD98D87F71D}.Debug|x86.Build.0 = Debug|Any CPU
		{5411298A-B8B8-4264-8CC8-7FD98D87F71D}.Release|Any CPU.ActiveCfg = Release|Any CPU
		{5411298A-B8B8-4264-8CC8-7FD98D87F71D}.Release|Any CPU.Build.0 = Release|Any CPU
		{5411298A-B8B8-4264-8CC8-7FD98D87F71D}.Release|x64.ActiveCfg = Release|Any CPU
		{5411298A-B8B8-4264-8CC8-7FD98D87F71D}.Release|x64.Build.0 = Release|Any CPU
		{5411298A-B8B8-4264-8CC8-7FD98D87F71D}.Release|x86.ActiveCfg = Release|Any CPU
		{5411298A-B8B8-4264-8CC8-7FD98D87F71D}.Release|x86.Build.0 = Release|Any CPU
		{3C021119-6C6D-4CA3-8B9D-CA94ED0C04AC}.Debug|Any CPU.ActiveCfg = Debug|Any CPU
		{3C021119-6C6D-4CA3-8B9D-CA94ED0C04AC}.Debug|Any CPU.Build.0 = Debug|Any CPU
		{3C021119-6C6D-4CA3-8B9D-CA94ED0C04AC}.Debug|x64.ActiveCfg = Debug|Any CPU
		{3C021119-6C6D-4CA3-8B9D-CA94ED0C04AC}.Debug|x64.Build.0 = Debug|Any CPU
		{3C021119-6C6D-4CA3-8B9D-CA94ED0C04AC}.Debug|x86.ActiveCfg = Debug|Any CPU
		{3C021119-6C6D-4CA3-8B9D-CA94ED0C04AC}.Debug|x86.Build.0 = Debug|Any CPU
		{3C021119-6C6D-4CA3-8B9D-CA94ED0C04AC}.Release|Any CPU.ActiveCfg = Release|Any CPU
		{3C021119-6C6D-4CA3-8B9D-CA94ED0C04AC}.Release|Any CPU.Build.0 = Release|Any CPU
		{3C021119-6C6D-4CA3-8B9D-CA94ED0C04AC}.Release|x64.ActiveCfg = Release|Any CPU
		{3C021119-6C6D-4CA3-8B9D-CA94ED0C04AC}.Release|x64.Build.0 = Release|Any CPU
		{3C021119-6C6D-4CA3-8B9D-CA94ED0C04AC}.Release|x86.ActiveCfg = Release|Any CPU
		{3C021119-6C6D-4CA3-8B9D-CA94ED0C04AC}.Release|x86.Build.0 = Release|Any CPU
		{64E5BF0F-BEC9-450F-B48E-5F4FB0EDF8A9}.Debug|Any CPU.ActiveCfg = Debug|Any CPU
		{64E5BF0F-BEC9-450F-B48E-5F4FB0EDF8A9}.Debug|Any CPU.Build.0 = Debug|Any CPU
		{64E5BF0F-BEC9-450F-B48E-5F4FB0EDF8A9}.Debug|x64.ActiveCfg = Debug|Any CPU
		{64E5BF0F-BEC9-450F-B48E-5F4FB0EDF8A9}.Debug|x64.Build.0 = Debug|Any CPU
		{64E5BF0F-BEC9-450F-B48E-5F4FB0EDF8A9}.Debug|x86.ActiveCfg = Debug|Any CPU
		{64E5BF0F-BEC9-450F-B48E-5F4FB0EDF8A9}.Debug|x86.Build.0 = Debug|Any CPU
		{64E5BF0F-BEC9-450F-B48E-5F4FB0EDF8A9}.Release|Any CPU.ActiveCfg = Release|Any CPU
		{64E5BF0F-BEC9-450F-B48E-5F4FB0EDF8A9}.Release|Any CPU.Build.0 = Release|Any CPU
		{64E5BF0F-BEC9-450F-B48E-5F4FB0EDF8A9}.Release|x64.ActiveCfg = Release|Any CPU
		{64E5BF0F-BEC9-450F-B48E-5F4FB0EDF8A9}.Release|x64.Build.0 = Release|Any CPU
		{64E5BF0F-BEC9-450F-B48E-5F4FB0EDF8A9}.Release|x86.ActiveCfg = Release|Any CPU
		{64E5BF0F-BEC9-450F-B48E-5F4FB0EDF8A9}.Release|x86.Build.0 = Release|Any CPU
		{E6369B2C-E1BC-4361-A903-E221D1664B81}.Debug|Any CPU.ActiveCfg = Debug|Any CPU
		{E6369B2C-E1BC-4361-A903-E221D1664B81}.Debug|Any CPU.Build.0 = Debug|Any CPU
		{E6369B2C-E1BC-4361-A903-E221D1664B81}.Debug|x64.ActiveCfg = Debug|Any CPU
		{E6369B2C-E1BC-4361-A903-E221D1664B81}.Debug|x64.Build.0 = Debug|Any CPU
		{E6369B2C-E1BC-4361-A903-E221D1664B81}.Debug|x86.ActiveCfg = Debug|Any CPU
		{E6369B2C-E1BC-4361-A903-E221D1664B81}.Debug|x86.Build.0 = Debug|Any CPU
		{E6369B2C-E1BC-4361-A903-E221D1664B81}.Release|Any CPU.ActiveCfg = Release|Any CPU
		{E6369B2C-E1BC-4361-A903-E221D1664B81}.Release|Any CPU.Build.0 = Release|Any CPU
		{E6369B2C-E1BC-4361-A903-E221D1664B81}.Release|x64.ActiveCfg = Release|Any CPU
		{E6369B2C-E1BC-4361-A903-E221D1664B81}.Release|x64.Build.0 = Release|Any CPU
		{E6369B2C-E1BC-4361-A903-E221D1664B81}.Release|x86.ActiveCfg = Release|Any CPU
		{E6369B2C-E1BC-4361-A903-E221D1664B81}.Release|x86.Build.0 = Release|Any CPU
		{EFF41EAC-132E-4C3E-AC80-1B6339EA0639}.Debug|Any CPU.ActiveCfg = Debug|Any CPU
		{EFF41EAC-132E-4C3E-AC80-1B6339EA0639}.Debug|Any CPU.Build.0 = Debug|Any CPU
		{EFF41EAC-132E-4C3E-AC80-1B6339EA0639}.Debug|x64.ActiveCfg = Debug|Any CPU
		{EFF41EAC-132E-4C3E-AC80-1B6339EA0639}.Debug|x64.Build.0 = Debug|Any CPU
		{EFF41EAC-132E-4C3E-AC80-1B6339EA0639}.Debug|x86.ActiveCfg = Debug|Any CPU
		{EFF41EAC-132E-4C3E-AC80-1B6339EA0639}.Debug|x86.Build.0 = Debug|Any CPU
		{EFF41EAC-132E-4C3E-AC80-1B6339EA0639}.Release|Any CPU.ActiveCfg = Release|Any CPU
		{EFF41EAC-132E-4C3E-AC80-1B6339EA0639}.Release|Any CPU.Build.0 = Release|Any CPU
		{EFF41EAC-132E-4C3E-AC80-1B6339EA0639}.Release|x64.ActiveCfg = Release|Any CPU
		{EFF41EAC-132E-4C3E-AC80-1B6339EA0639}.Release|x64.Build.0 = Release|Any CPU
		{EFF41EAC-132E-4C3E-AC80-1B6339EA0639}.Release|x86.ActiveCfg = Release|Any CPU
		{EFF41EAC-132E-4C3E-AC80-1B6339EA0639}.Release|x86.Build.0 = Release|Any CPU
		{EFF1AE90-00C4-4E32-96D6-4D15AF228485}.Debug|Any CPU.ActiveCfg = Debug|Any CPU
		{EFF1AE90-00C4-4E32-96D6-4D15AF228485}.Debug|Any CPU.Build.0 = Debug|Any CPU
		{EFF1AE90-00C4-4E32-96D6-4D15AF228485}.Debug|x64.ActiveCfg = Debug|Any CPU
		{EFF1AE90-00C4-4E32-96D6-4D15AF228485}.Debug|x64.Build.0 = Debug|Any CPU
		{EFF1AE90-00C4-4E32-96D6-4D15AF228485}.Debug|x86.ActiveCfg = Debug|Any CPU
		{EFF1AE90-00C4-4E32-96D6-4D15AF228485}.Debug|x86.Build.0 = Debug|Any CPU
		{EFF1AE90-00C4-4E32-96D6-4D15AF228485}.Release|Any CPU.ActiveCfg = Release|Any CPU
		{EFF1AE90-00C4-4E32-96D6-4D15AF228485}.Release|Any CPU.Build.0 = Release|Any CPU
		{EFF1AE90-00C4-4E32-96D6-4D15AF228485}.Release|x64.ActiveCfg = Release|Any CPU
		{EFF1AE90-00C4-4E32-96D6-4D15AF228485}.Release|x64.Build.0 = Release|Any CPU
		{EFF1AE90-00C4-4E32-96D6-4D15AF228485}.Release|x86.ActiveCfg = Release|Any CPU
		{EFF1AE90-00C4-4E32-96D6-4D15AF228485}.Release|x86.Build.0 = Release|Any CPU
		{2CEF5285-82EF-40A0-9999-40E2EA229A22}.Debug|Any CPU.ActiveCfg = Debug|Any CPU
		{2CEF5285-82EF-40A0-9999-40E2EA229A22}.Debug|Any CPU.Build.0 = Debug|Any CPU
		{2CEF5285-82EF-40A0-9999-40E2EA229A22}.Debug|x64.ActiveCfg = Debug|Any CPU
		{2CEF5285-82EF-40A0-9999-40E2EA229A22}.Debug|x64.Build.0 = Debug|Any CPU
		{2CEF5285-82EF-40A0-9999-40E2EA229A22}.Debug|x86.ActiveCfg = Debug|Any CPU
		{2CEF5285-82EF-40A0-9999-40E2EA229A22}.Debug|x86.Build.0 = Debug|Any CPU
		{2CEF5285-82EF-40A0-9999-40E2EA229A22}.Release|Any CPU.ActiveCfg = Release|Any CPU
		{2CEF5285-82EF-40A0-9999-40E2EA229A22}.Release|Any CPU.Build.0 = Release|Any CPU
		{2CEF5285-82EF-40A0-9999-40E2EA229A22}.Release|x64.ActiveCfg = Release|Any CPU
		{2CEF5285-82EF-40A0-9999-40E2EA229A22}.Release|x64.Build.0 = Release|Any CPU
		{2CEF5285-82EF-40A0-9999-40E2EA229A22}.Release|x86.ActiveCfg = Release|Any CPU
		{2CEF5285-82EF-40A0-9999-40E2EA229A22}.Release|x86.Build.0 = Release|Any CPU
		{2E6E77FD-BB9D-4230-AC79-DEDD2319E093}.Debug|Any CPU.ActiveCfg = Debug|Any CPU
		{2E6E77FD-BB9D-4230-AC79-DEDD2319E093}.Debug|Any CPU.Build.0 = Debug|Any CPU
		{2E6E77FD-BB9D-4230-AC79-DEDD2319E093}.Debug|x64.ActiveCfg = Debug|Any CPU
		{2E6E77FD-BB9D-4230-AC79-DEDD2319E093}.Debug|x64.Build.0 = Debug|Any CPU
		{2E6E77FD-BB9D-4230-AC79-DEDD2319E093}.Debug|x86.ActiveCfg = Debug|Any CPU
		{2E6E77FD-BB9D-4230-AC79-DEDD2319E093}.Debug|x86.Build.0 = Debug|Any CPU
		{2E6E77FD-BB9D-4230-AC79-DEDD2319E093}.Release|Any CPU.ActiveCfg = Release|Any CPU
		{2E6E77FD-BB9D-4230-AC79-DEDD2319E093}.Release|Any CPU.Build.0 = Release|Any CPU
		{2E6E77FD-BB9D-4230-AC79-DEDD2319E093}.Release|x64.ActiveCfg = Release|Any CPU
		{2E6E77FD-BB9D-4230-AC79-DEDD2319E093}.Release|x64.Build.0 = Release|Any CPU
		{2E6E77FD-BB9D-4230-AC79-DEDD2319E093}.Release|x86.ActiveCfg = Release|Any CPU
		{2E6E77FD-BB9D-4230-AC79-DEDD2319E093}.Release|x86.Build.0 = Release|Any CPU
		{8389EDE9-F553-4C78-83C6-0D1234A19A2B}.Debug|Any CPU.ActiveCfg = Debug|Any CPU
		{8389EDE9-F553-4C78-83C6-0D1234A19A2B}.Debug|Any CPU.Build.0 = Debug|Any CPU
		{8389EDE9-F553-4C78-83C6-0D1234A19A2B}.Debug|x64.ActiveCfg = Debug|Any CPU
		{8389EDE9-F553-4C78-83C6-0D1234A19A2B}.Debug|x64.Build.0 = Debug|Any CPU
		{8389EDE9-F553-4C78-83C6-0D1234A19A2B}.Debug|x86.ActiveCfg = Debug|Any CPU
		{8389EDE9-F553-4C78-83C6-0D1234A19A2B}.Debug|x86.Build.0 = Debug|Any CPU
		{8389EDE9-F553-4C78-83C6-0D1234A19A2B}.Release|Any CPU.ActiveCfg = Release|Any CPU
		{8389EDE9-F553-4C78-83C6-0D1234A19A2B}.Release|Any CPU.Build.0 = Release|Any CPU
		{8389EDE9-F553-4C78-83C6-0D1234A19A2B}.Release|x64.ActiveCfg = Release|Any CPU
		{8389EDE9-F553-4C78-83C6-0D1234A19A2B}.Release|x64.Build.0 = Release|Any CPU
		{8389EDE9-F553-4C78-83C6-0D1234A19A2B}.Release|x86.ActiveCfg = Release|Any CPU
		{8389EDE9-F553-4C78-83C6-0D1234A19A2B}.Release|x86.Build.0 = Release|Any CPU
		{9B5D3165-66F1-46FB-A3EA-6D8DA71A6086}.Debug|Any CPU.ActiveCfg = Debug|Any CPU
		{9B5D3165-66F1-46FB-A3EA-6D8DA71A6086}.Debug|Any CPU.Build.0 = Debug|Any CPU
		{9B5D3165-66F1-46FB-A3EA-6D8DA71A6086}.Debug|x64.ActiveCfg = Debug|Any CPU
		{9B5D3165-66F1-46FB-A3EA-6D8DA71A6086}.Debug|x64.Build.0 = Debug|Any CPU
		{9B5D3165-66F1-46FB-A3EA-6D8DA71A6086}.Debug|x86.ActiveCfg = Debug|Any CPU
		{9B5D3165-66F1-46FB-A3EA-6D8DA71A6086}.Debug|x86.Build.0 = Debug|Any CPU
		{9B5D3165-66F1-46FB-A3EA-6D8DA71A6086}.Release|Any CPU.ActiveCfg = Release|Any CPU
		{9B5D3165-66F1-46FB-A3EA-6D8DA71A6086}.Release|Any CPU.Build.0 = Release|Any CPU
		{9B5D3165-66F1-46FB-A3EA-6D8DA71A6086}.Release|x64.ActiveCfg = Release|Any CPU
		{9B5D3165-66F1-46FB-A3EA-6D8DA71A6086}.Release|x64.Build.0 = Release|Any CPU
		{9B5D3165-66F1-46FB-A3EA-6D8DA71A6086}.Release|x86.ActiveCfg = Release|Any CPU
		{9B5D3165-66F1-46FB-A3EA-6D8DA71A6086}.Release|x86.Build.0 = Release|Any CPU
		{D4B215DE-7D76-4FC8-BB38-4EE661675013}.Debug|Any CPU.ActiveCfg = Debug|Any CPU
		{D4B215DE-7D76-4FC8-BB38-4EE661675013}.Debug|Any CPU.Build.0 = Debug|Any CPU
		{D4B215DE-7D76-4FC8-BB38-4EE661675013}.Debug|x64.ActiveCfg = Debug|Any CPU
		{D4B215DE-7D76-4FC8-BB38-4EE661675013}.Debug|x64.Build.0 = Debug|Any CPU
		{D4B215DE-7D76-4FC8-BB38-4EE661675013}.Debug|x86.ActiveCfg = Debug|Any CPU
		{D4B215DE-7D76-4FC8-BB38-4EE661675013}.Debug|x86.Build.0 = Debug|Any CPU
		{D4B215DE-7D76-4FC8-BB38-4EE661675013}.Release|Any CPU.ActiveCfg = Release|Any CPU
		{D4B215DE-7D76-4FC8-BB38-4EE661675013}.Release|Any CPU.Build.0 = Release|Any CPU
		{D4B215DE-7D76-4FC8-BB38-4EE661675013}.Release|x64.ActiveCfg = Release|Any CPU
		{D4B215DE-7D76-4FC8-BB38-4EE661675013}.Release|x64.Build.0 = Release|Any CPU
		{D4B215DE-7D76-4FC8-BB38-4EE661675013}.Release|x86.ActiveCfg = Release|Any CPU
		{D4B215DE-7D76-4FC8-BB38-4EE661675013}.Release|x86.Build.0 = Release|Any CPU
		{52F731B2-E52F-4EA9-AF3B-A96E06268619}.Debug|Any CPU.ActiveCfg = Debug|Any CPU
		{52F731B2-E52F-4EA9-AF3B-A96E06268619}.Debug|Any CPU.Build.0 = Debug|Any CPU
		{52F731B2-E52F-4EA9-AF3B-A96E06268619}.Debug|x64.ActiveCfg = Debug|Any CPU
		{52F731B2-E52F-4EA9-AF3B-A96E06268619}.Debug|x64.Build.0 = Debug|Any CPU
		{52F731B2-E52F-4EA9-AF3B-A96E06268619}.Debug|x86.ActiveCfg = Debug|Any CPU
		{52F731B2-E52F-4EA9-AF3B-A96E06268619}.Debug|x86.Build.0 = Debug|Any CPU
		{52F731B2-E52F-4EA9-AF3B-A96E06268619}.Release|Any CPU.ActiveCfg = Release|Any CPU
		{52F731B2-E52F-4EA9-AF3B-A96E06268619}.Release|Any CPU.Build.0 = Release|Any CPU
		{52F731B2-E52F-4EA9-AF3B-A96E06268619}.Release|x64.ActiveCfg = Release|Any CPU
		{52F731B2-E52F-4EA9-AF3B-A96E06268619}.Release|x64.Build.0 = Release|Any CPU
		{52F731B2-E52F-4EA9-AF3B-A96E06268619}.Release|x86.ActiveCfg = Release|Any CPU
		{52F731B2-E52F-4EA9-AF3B-A96E06268619}.Release|x86.Build.0 = Release|Any CPU
		{35A10E29-585A-4576-9D75-A641FB88F07A}.Debug|Any CPU.ActiveCfg = Debug|Any CPU
		{35A10E29-585A-4576-9D75-A641FB88F07A}.Debug|Any CPU.Build.0 = Debug|Any CPU
		{35A10E29-585A-4576-9D75-A641FB88F07A}.Debug|x64.ActiveCfg = Debug|Any CPU
		{35A10E29-585A-4576-9D75-A641FB88F07A}.Debug|x64.Build.0 = Debug|Any CPU
		{35A10E29-585A-4576-9D75-A641FB88F07A}.Debug|x86.ActiveCfg = Debug|Any CPU
		{35A10E29-585A-4576-9D75-A641FB88F07A}.Debug|x86.Build.0 = Debug|Any CPU
		{35A10E29-585A-4576-9D75-A641FB88F07A}.Release|Any CPU.ActiveCfg = Release|Any CPU
		{35A10E29-585A-4576-9D75-A641FB88F07A}.Release|Any CPU.Build.0 = Release|Any CPU
		{35A10E29-585A-4576-9D75-A641FB88F07A}.Release|x64.ActiveCfg = Release|Any CPU
		{35A10E29-585A-4576-9D75-A641FB88F07A}.Release|x64.Build.0 = Release|Any CPU
		{35A10E29-585A-4576-9D75-A641FB88F07A}.Release|x86.ActiveCfg = Release|Any CPU
		{35A10E29-585A-4576-9D75-A641FB88F07A}.Release|x86.Build.0 = Release|Any CPU
		{D9F17582-3BB1-4D74-ACF4-2C7ECDCF15CC}.Debug|Any CPU.ActiveCfg = Debug|Any CPU
		{D9F17582-3BB1-4D74-ACF4-2C7ECDCF15CC}.Debug|Any CPU.Build.0 = Debug|Any CPU
		{D9F17582-3BB1-4D74-ACF4-2C7ECDCF15CC}.Debug|x64.ActiveCfg = Debug|Any CPU
		{D9F17582-3BB1-4D74-ACF4-2C7ECDCF15CC}.Debug|x64.Build.0 = Debug|Any CPU
		{D9F17582-3BB1-4D74-ACF4-2C7ECDCF15CC}.Debug|x86.ActiveCfg = Debug|Any CPU
		{D9F17582-3BB1-4D74-ACF4-2C7ECDCF15CC}.Debug|x86.Build.0 = Debug|Any CPU
		{D9F17582-3BB1-4D74-ACF4-2C7ECDCF15CC}.Release|Any CPU.ActiveCfg = Release|Any CPU
		{D9F17582-3BB1-4D74-ACF4-2C7ECDCF15CC}.Release|Any CPU.Build.0 = Release|Any CPU
		{D9F17582-3BB1-4D74-ACF4-2C7ECDCF15CC}.Release|x64.ActiveCfg = Release|Any CPU
		{D9F17582-3BB1-4D74-ACF4-2C7ECDCF15CC}.Release|x64.Build.0 = Release|Any CPU
		{D9F17582-3BB1-4D74-ACF4-2C7ECDCF15CC}.Release|x86.ActiveCfg = Release|Any CPU
		{D9F17582-3BB1-4D74-ACF4-2C7ECDCF15CC}.Release|x86.Build.0 = Release|Any CPU
		{1CE2BFA5-EEB0-4636-A0CD-86B01F643743}.Debug|Any CPU.ActiveCfg = Debug|Any CPU
		{1CE2BFA5-EEB0-4636-A0CD-86B01F643743}.Debug|Any CPU.Build.0 = Debug|Any CPU
		{1CE2BFA5-EEB0-4636-A0CD-86B01F643743}.Debug|x64.ActiveCfg = Debug|Any CPU
		{1CE2BFA5-EEB0-4636-A0CD-86B01F643743}.Debug|x64.Build.0 = Debug|Any CPU
		{1CE2BFA5-EEB0-4636-A0CD-86B01F643743}.Debug|x86.ActiveCfg = Debug|Any CPU
		{1CE2BFA5-EEB0-4636-A0CD-86B01F643743}.Debug|x86.Build.0 = Debug|Any CPU
		{1CE2BFA5-EEB0-4636-A0CD-86B01F643743}.Release|Any CPU.ActiveCfg = Release|Any CPU
		{1CE2BFA5-EEB0-4636-A0CD-86B01F643743}.Release|Any CPU.Build.0 = Release|Any CPU
		{1CE2BFA5-EEB0-4636-A0CD-86B01F643743}.Release|x64.ActiveCfg = Release|Any CPU
		{1CE2BFA5-EEB0-4636-A0CD-86B01F643743}.Release|x64.Build.0 = Release|Any CPU
		{1CE2BFA5-EEB0-4636-A0CD-86B01F643743}.Release|x86.ActiveCfg = Release|Any CPU
		{1CE2BFA5-EEB0-4636-A0CD-86B01F643743}.Release|x86.Build.0 = Release|Any CPU
		{944A0C94-7566-4548-AF97-9A29CD2AD450}.Debug|Any CPU.ActiveCfg = Debug|Any CPU
		{944A0C94-7566-4548-AF97-9A29CD2AD450}.Debug|Any CPU.Build.0 = Debug|Any CPU
		{944A0C94-7566-4548-AF97-9A29CD2AD450}.Debug|x64.ActiveCfg = Debug|Any CPU
		{944A0C94-7566-4548-AF97-9A29CD2AD450}.Debug|x64.Build.0 = Debug|Any CPU
		{944A0C94-7566-4548-AF97-9A29CD2AD450}.Debug|x86.ActiveCfg = Debug|Any CPU
		{944A0C94-7566-4548-AF97-9A29CD2AD450}.Debug|x86.Build.0 = Debug|Any CPU
		{944A0C94-7566-4548-AF97-9A29CD2AD450}.Release|Any CPU.ActiveCfg = Release|Any CPU
		{944A0C94-7566-4548-AF97-9A29CD2AD450}.Release|Any CPU.Build.0 = Release|Any CPU
		{944A0C94-7566-4548-AF97-9A29CD2AD450}.Release|x64.ActiveCfg = Release|Any CPU
		{944A0C94-7566-4548-AF97-9A29CD2AD450}.Release|x64.Build.0 = Release|Any CPU
		{944A0C94-7566-4548-AF97-9A29CD2AD450}.Release|x86.ActiveCfg = Release|Any CPU
		{944A0C94-7566-4548-AF97-9A29CD2AD450}.Release|x86.Build.0 = Release|Any CPU
		{96F296EE-D008-4782-9FF9-CE8D879808AF}.Debug|Any CPU.ActiveCfg = Debug|Any CPU
		{96F296EE-D008-4782-9FF9-CE8D879808AF}.Debug|Any CPU.Build.0 = Debug|Any CPU
		{96F296EE-D008-4782-9FF9-CE8D879808AF}.Debug|x64.ActiveCfg = Debug|Any CPU
		{96F296EE-D008-4782-9FF9-CE8D879808AF}.Debug|x64.Build.0 = Debug|Any CPU
		{96F296EE-D008-4782-9FF9-CE8D879808AF}.Debug|x86.ActiveCfg = Debug|Any CPU
		{96F296EE-D008-4782-9FF9-CE8D879808AF}.Debug|x86.Build.0 = Debug|Any CPU
		{96F296EE-D008-4782-9FF9-CE8D879808AF}.Release|Any CPU.ActiveCfg = Release|Any CPU
		{96F296EE-D008-4782-9FF9-CE8D879808AF}.Release|Any CPU.Build.0 = Release|Any CPU
		{96F296EE-D008-4782-9FF9-CE8D879808AF}.Release|x64.ActiveCfg = Release|Any CPU
		{96F296EE-D008-4782-9FF9-CE8D879808AF}.Release|x64.Build.0 = Release|Any CPU
		{96F296EE-D008-4782-9FF9-CE8D879808AF}.Release|x86.ActiveCfg = Release|Any CPU
		{96F296EE-D008-4782-9FF9-CE8D879808AF}.Release|x86.Build.0 = Release|Any CPU
		{2B2EADDB-F889-4D53-9400-1CAFAA6EA3C9}.Debug|Any CPU.ActiveCfg = Debug|Any CPU
		{2B2EADDB-F889-4D53-9400-1CAFAA6EA3C9}.Debug|Any CPU.Build.0 = Debug|Any CPU
		{2B2EADDB-F889-4D53-9400-1CAFAA6EA3C9}.Debug|x64.ActiveCfg = Debug|Any CPU
		{2B2EADDB-F889-4D53-9400-1CAFAA6EA3C9}.Debug|x64.Build.0 = Debug|Any CPU
		{2B2EADDB-F889-4D53-9400-1CAFAA6EA3C9}.Debug|x86.ActiveCfg = Debug|Any CPU
		{2B2EADDB-F889-4D53-9400-1CAFAA6EA3C9}.Debug|x86.Build.0 = Debug|Any CPU
		{2B2EADDB-F889-4D53-9400-1CAFAA6EA3C9}.Release|Any CPU.ActiveCfg = Release|Any CPU
		{2B2EADDB-F889-4D53-9400-1CAFAA6EA3C9}.Release|Any CPU.Build.0 = Release|Any CPU
		{2B2EADDB-F889-4D53-9400-1CAFAA6EA3C9}.Release|x64.ActiveCfg = Release|Any CPU
		{2B2EADDB-F889-4D53-9400-1CAFAA6EA3C9}.Release|x64.Build.0 = Release|Any CPU
		{2B2EADDB-F889-4D53-9400-1CAFAA6EA3C9}.Release|x86.ActiveCfg = Release|Any CPU
		{2B2EADDB-F889-4D53-9400-1CAFAA6EA3C9}.Release|x86.Build.0 = Release|Any CPU
		{D6699810-C604-4779-84ED-F8DC7F15A96D}.Debug|Any CPU.ActiveCfg = Debug|Any CPU
		{D6699810-C604-4779-84ED-F8DC7F15A96D}.Debug|Any CPU.Build.0 = Debug|Any CPU
		{D6699810-C604-4779-84ED-F8DC7F15A96D}.Debug|x64.ActiveCfg = Debug|Any CPU
		{D6699810-C604-4779-84ED-F8DC7F15A96D}.Debug|x64.Build.0 = Debug|Any CPU
		{D6699810-C604-4779-84ED-F8DC7F15A96D}.Debug|x86.ActiveCfg = Debug|Any CPU
		{D6699810-C604-4779-84ED-F8DC7F15A96D}.Debug|x86.Build.0 = Debug|Any CPU
		{D6699810-C604-4779-84ED-F8DC7F15A96D}.Release|Any CPU.ActiveCfg = Release|Any CPU
		{D6699810-C604-4779-84ED-F8DC7F15A96D}.Release|Any CPU.Build.0 = Release|Any CPU
		{D6699810-C604-4779-84ED-F8DC7F15A96D}.Release|x64.ActiveCfg = Release|Any CPU
		{D6699810-C604-4779-84ED-F8DC7F15A96D}.Release|x64.Build.0 = Release|Any CPU
		{D6699810-C604-4779-84ED-F8DC7F15A96D}.Release|x86.ActiveCfg = Release|Any CPU
		{D6699810-C604-4779-84ED-F8DC7F15A96D}.Release|x86.Build.0 = Release|Any CPU
		{CCE8383B-8C02-4A08-B68A-41548D12A831}.Debug|Any CPU.ActiveCfg = Debug|Any CPU
		{CCE8383B-8C02-4A08-B68A-41548D12A831}.Debug|Any CPU.Build.0 = Debug|Any CPU
		{CCE8383B-8C02-4A08-B68A-41548D12A831}.Debug|x64.ActiveCfg = Debug|Any CPU
		{CCE8383B-8C02-4A08-B68A-41548D12A831}.Debug|x64.Build.0 = Debug|Any CPU
		{CCE8383B-8C02-4A08-B68A-41548D12A831}.Debug|x86.ActiveCfg = Debug|Any CPU
		{CCE8383B-8C02-4A08-B68A-41548D12A831}.Debug|x86.Build.0 = Debug|Any CPU
		{CCE8383B-8C02-4A08-B68A-41548D12A831}.Release|Any CPU.ActiveCfg = Release|Any CPU
		{CCE8383B-8C02-4A08-B68A-41548D12A831}.Release|Any CPU.Build.0 = Release|Any CPU
		{CCE8383B-8C02-4A08-B68A-41548D12A831}.Release|x64.ActiveCfg = Release|Any CPU
		{CCE8383B-8C02-4A08-B68A-41548D12A831}.Release|x64.Build.0 = Release|Any CPU
		{CCE8383B-8C02-4A08-B68A-41548D12A831}.Release|x86.ActiveCfg = Release|Any CPU
		{CCE8383B-8C02-4A08-B68A-41548D12A831}.Release|x86.Build.0 = Release|Any CPU
		{53DD642B-5AFF-4699-9A97-11A1CF7FCEDB}.Debug|Any CPU.ActiveCfg = Debug|Any CPU
		{53DD642B-5AFF-4699-9A97-11A1CF7FCEDB}.Debug|Any CPU.Build.0 = Debug|Any CPU
		{53DD642B-5AFF-4699-9A97-11A1CF7FCEDB}.Debug|x64.ActiveCfg = Debug|Any CPU
		{53DD642B-5AFF-4699-9A97-11A1CF7FCEDB}.Debug|x64.Build.0 = Debug|Any CPU
		{53DD642B-5AFF-4699-9A97-11A1CF7FCEDB}.Debug|x86.ActiveCfg = Debug|Any CPU
		{53DD642B-5AFF-4699-9A97-11A1CF7FCEDB}.Debug|x86.Build.0 = Debug|Any CPU
		{53DD642B-5AFF-4699-9A97-11A1CF7FCEDB}.Release|Any CPU.ActiveCfg = Release|Any CPU
		{53DD642B-5AFF-4699-9A97-11A1CF7FCEDB}.Release|Any CPU.Build.0 = Release|Any CPU
		{53DD642B-5AFF-4699-9A97-11A1CF7FCEDB}.Release|x64.ActiveCfg = Release|Any CPU
		{53DD642B-5AFF-4699-9A97-11A1CF7FCEDB}.Release|x64.Build.0 = Release|Any CPU
		{53DD642B-5AFF-4699-9A97-11A1CF7FCEDB}.Release|x86.ActiveCfg = Release|Any CPU
		{53DD642B-5AFF-4699-9A97-11A1CF7FCEDB}.Release|x86.Build.0 = Release|Any CPU
		{8A4F844E-C5D6-4301-8F28-1A168CF17B3F}.Debug|Any CPU.ActiveCfg = Debug|Any CPU
		{8A4F844E-C5D6-4301-8F28-1A168CF17B3F}.Debug|Any CPU.Build.0 = Debug|Any CPU
		{8A4F844E-C5D6-4301-8F28-1A168CF17B3F}.Debug|x64.ActiveCfg = Debug|Any CPU
		{8A4F844E-C5D6-4301-8F28-1A168CF17B3F}.Debug|x64.Build.0 = Debug|Any CPU
		{8A4F844E-C5D6-4301-8F28-1A168CF17B3F}.Debug|x86.ActiveCfg = Debug|Any CPU
		{8A4F844E-C5D6-4301-8F28-1A168CF17B3F}.Debug|x86.Build.0 = Debug|Any CPU
		{8A4F844E-C5D6-4301-8F28-1A168CF17B3F}.Release|Any CPU.ActiveCfg = Release|Any CPU
		{8A4F844E-C5D6-4301-8F28-1A168CF17B3F}.Release|Any CPU.Build.0 = Release|Any CPU
		{8A4F844E-C5D6-4301-8F28-1A168CF17B3F}.Release|x64.ActiveCfg = Release|Any CPU
		{8A4F844E-C5D6-4301-8F28-1A168CF17B3F}.Release|x64.Build.0 = Release|Any CPU
		{8A4F844E-C5D6-4301-8F28-1A168CF17B3F}.Release|x86.ActiveCfg = Release|Any CPU
		{8A4F844E-C5D6-4301-8F28-1A168CF17B3F}.Release|x86.Build.0 = Release|Any CPU
		{AD0E598A-37E6-451D-8E4E-261A59F2195C}.Debug|Any CPU.ActiveCfg = Debug|Any CPU
		{AD0E598A-37E6-451D-8E4E-261A59F2195C}.Debug|Any CPU.Build.0 = Debug|Any CPU
		{AD0E598A-37E6-451D-8E4E-261A59F2195C}.Debug|x64.ActiveCfg = Debug|Any CPU
		{AD0E598A-37E6-451D-8E4E-261A59F2195C}.Debug|x64.Build.0 = Debug|Any CPU
		{AD0E598A-37E6-451D-8E4E-261A59F2195C}.Debug|x86.ActiveCfg = Debug|Any CPU
		{AD0E598A-37E6-451D-8E4E-261A59F2195C}.Debug|x86.Build.0 = Debug|Any CPU
		{AD0E598A-37E6-451D-8E4E-261A59F2195C}.Release|Any CPU.ActiveCfg = Release|Any CPU
		{AD0E598A-37E6-451D-8E4E-261A59F2195C}.Release|Any CPU.Build.0 = Release|Any CPU
		{AD0E598A-37E6-451D-8E4E-261A59F2195C}.Release|x64.ActiveCfg = Release|Any CPU
		{AD0E598A-37E6-451D-8E4E-261A59F2195C}.Release|x64.Build.0 = Release|Any CPU
		{AD0E598A-37E6-451D-8E4E-261A59F2195C}.Release|x86.ActiveCfg = Release|Any CPU
		{AD0E598A-37E6-451D-8E4E-261A59F2195C}.Release|x86.Build.0 = Release|Any CPU
		{CB2172A4-730F-4172-B176-C3F5BDE54B85}.Debug|Any CPU.ActiveCfg = Debug|Any CPU
		{CB2172A4-730F-4172-B176-C3F5BDE54B85}.Debug|Any CPU.Build.0 = Debug|Any CPU
		{CB2172A4-730F-4172-B176-C3F5BDE54B85}.Debug|x64.ActiveCfg = Debug|Any CPU
		{CB2172A4-730F-4172-B176-C3F5BDE54B85}.Debug|x64.Build.0 = Debug|Any CPU
		{CB2172A4-730F-4172-B176-C3F5BDE54B85}.Debug|x86.ActiveCfg = Debug|Any CPU
		{CB2172A4-730F-4172-B176-C3F5BDE54B85}.Debug|x86.Build.0 = Debug|Any CPU
		{CB2172A4-730F-4172-B176-C3F5BDE54B85}.Release|Any CPU.ActiveCfg = Release|Any CPU
		{CB2172A4-730F-4172-B176-C3F5BDE54B85}.Release|Any CPU.Build.0 = Release|Any CPU
		{CB2172A4-730F-4172-B176-C3F5BDE54B85}.Release|x64.ActiveCfg = Release|Any CPU
		{CB2172A4-730F-4172-B176-C3F5BDE54B85}.Release|x64.Build.0 = Release|Any CPU
		{CB2172A4-730F-4172-B176-C3F5BDE54B85}.Release|x86.ActiveCfg = Release|Any CPU
		{CB2172A4-730F-4172-B176-C3F5BDE54B85}.Release|x86.Build.0 = Release|Any CPU
		{7E93258E-E1FB-474C-991A-5EB9466675E5}.Debug|Any CPU.ActiveCfg = Debug|Any CPU
		{7E93258E-E1FB-474C-991A-5EB9466675E5}.Debug|Any CPU.Build.0 = Debug|Any CPU
		{7E93258E-E1FB-474C-991A-5EB9466675E5}.Debug|x64.ActiveCfg = Debug|Any CPU
		{7E93258E-E1FB-474C-991A-5EB9466675E5}.Debug|x64.Build.0 = Debug|Any CPU
		{7E93258E-E1FB-474C-991A-5EB9466675E5}.Debug|x86.ActiveCfg = Debug|Any CPU
		{7E93258E-E1FB-474C-991A-5EB9466675E5}.Debug|x86.Build.0 = Debug|Any CPU
		{7E93258E-E1FB-474C-991A-5EB9466675E5}.Release|Any CPU.ActiveCfg = Release|Any CPU
		{7E93258E-E1FB-474C-991A-5EB9466675E5}.Release|Any CPU.Build.0 = Release|Any CPU
		{7E93258E-E1FB-474C-991A-5EB9466675E5}.Release|x64.ActiveCfg = Release|Any CPU
		{7E93258E-E1FB-474C-991A-5EB9466675E5}.Release|x64.Build.0 = Release|Any CPU
		{7E93258E-E1FB-474C-991A-5EB9466675E5}.Release|x86.ActiveCfg = Release|Any CPU
		{7E93258E-E1FB-474C-991A-5EB9466675E5}.Release|x86.Build.0 = Release|Any CPU
		{90AEC45A-AABF-4C4C-9738-3A855F17549D}.Debug|Any CPU.ActiveCfg = Debug|Any CPU
		{90AEC45A-AABF-4C4C-9738-3A855F17549D}.Debug|Any CPU.Build.0 = Debug|Any CPU
		{90AEC45A-AABF-4C4C-9738-3A855F17549D}.Debug|x64.ActiveCfg = Debug|Any CPU
		{90AEC45A-AABF-4C4C-9738-3A855F17549D}.Debug|x64.Build.0 = Debug|Any CPU
		{90AEC45A-AABF-4C4C-9738-3A855F17549D}.Debug|x86.ActiveCfg = Debug|Any CPU
		{90AEC45A-AABF-4C4C-9738-3A855F17549D}.Debug|x86.Build.0 = Debug|Any CPU
		{90AEC45A-AABF-4C4C-9738-3A855F17549D}.Release|Any CPU.ActiveCfg = Release|Any CPU
		{90AEC45A-AABF-4C4C-9738-3A855F17549D}.Release|Any CPU.Build.0 = Release|Any CPU
		{90AEC45A-AABF-4C4C-9738-3A855F17549D}.Release|x64.ActiveCfg = Release|Any CPU
		{90AEC45A-AABF-4C4C-9738-3A855F17549D}.Release|x64.Build.0 = Release|Any CPU
		{90AEC45A-AABF-4C4C-9738-3A855F17549D}.Release|x86.ActiveCfg = Release|Any CPU
		{90AEC45A-AABF-4C4C-9738-3A855F17549D}.Release|x86.Build.0 = Release|Any CPU
		{52915DBE-903F-4963-81F2-5C9ED28C2460}.Debug|Any CPU.ActiveCfg = Debug|Any CPU
		{52915DBE-903F-4963-81F2-5C9ED28C2460}.Debug|Any CPU.Build.0 = Debug|Any CPU
		{52915DBE-903F-4963-81F2-5C9ED28C2460}.Debug|x64.ActiveCfg = Debug|Any CPU
		{52915DBE-903F-4963-81F2-5C9ED28C2460}.Debug|x64.Build.0 = Debug|Any CPU
		{52915DBE-903F-4963-81F2-5C9ED28C2460}.Debug|x86.ActiveCfg = Debug|Any CPU
		{52915DBE-903F-4963-81F2-5C9ED28C2460}.Debug|x86.Build.0 = Debug|Any CPU
		{52915DBE-903F-4963-81F2-5C9ED28C2460}.Release|Any CPU.ActiveCfg = Release|Any CPU
		{52915DBE-903F-4963-81F2-5C9ED28C2460}.Release|Any CPU.Build.0 = Release|Any CPU
		{52915DBE-903F-4963-81F2-5C9ED28C2460}.Release|x64.ActiveCfg = Release|Any CPU
		{52915DBE-903F-4963-81F2-5C9ED28C2460}.Release|x64.Build.0 = Release|Any CPU
		{52915DBE-903F-4963-81F2-5C9ED28C2460}.Release|x86.ActiveCfg = Release|Any CPU
		{52915DBE-903F-4963-81F2-5C9ED28C2460}.Release|x86.Build.0 = Release|Any CPU
		{FF1103C2-3EDB-4332-AC26-31D27FFA377A}.Debug|Any CPU.ActiveCfg = Debug|Any CPU
		{FF1103C2-3EDB-4332-AC26-31D27FFA377A}.Debug|Any CPU.Build.0 = Debug|Any CPU
		{FF1103C2-3EDB-4332-AC26-31D27FFA377A}.Debug|x64.ActiveCfg = Debug|Any CPU
		{FF1103C2-3EDB-4332-AC26-31D27FFA377A}.Debug|x64.Build.0 = Debug|Any CPU
		{FF1103C2-3EDB-4332-AC26-31D27FFA377A}.Debug|x86.ActiveCfg = Debug|Any CPU
		{FF1103C2-3EDB-4332-AC26-31D27FFA377A}.Debug|x86.Build.0 = Debug|Any CPU
		{FF1103C2-3EDB-4332-AC26-31D27FFA377A}.Release|Any CPU.ActiveCfg = Release|Any CPU
		{FF1103C2-3EDB-4332-AC26-31D27FFA377A}.Release|Any CPU.Build.0 = Release|Any CPU
		{FF1103C2-3EDB-4332-AC26-31D27FFA377A}.Release|x64.ActiveCfg = Release|Any CPU
		{FF1103C2-3EDB-4332-AC26-31D27FFA377A}.Release|x64.Build.0 = Release|Any CPU
		{FF1103C2-3EDB-4332-AC26-31D27FFA377A}.Release|x86.ActiveCfg = Release|Any CPU
		{FF1103C2-3EDB-4332-AC26-31D27FFA377A}.Release|x86.Build.0 = Release|Any CPU
		{F826BC70-B5A2-47D7-B47B-997400ADCD92}.Debug|Any CPU.ActiveCfg = Debug|Any CPU
		{F826BC70-B5A2-47D7-B47B-997400ADCD92}.Debug|Any CPU.Build.0 = Debug|Any CPU
		{F826BC70-B5A2-47D7-B47B-997400ADCD92}.Debug|x64.ActiveCfg = Debug|Any CPU
		{F826BC70-B5A2-47D7-B47B-997400ADCD92}.Debug|x64.Build.0 = Debug|Any CPU
		{F826BC70-B5A2-47D7-B47B-997400ADCD92}.Debug|x86.ActiveCfg = Debug|Any CPU
		{F826BC70-B5A2-47D7-B47B-997400ADCD92}.Debug|x86.Build.0 = Debug|Any CPU
		{F826BC70-B5A2-47D7-B47B-997400ADCD92}.Release|Any CPU.ActiveCfg = Release|Any CPU
		{F826BC70-B5A2-47D7-B47B-997400ADCD92}.Release|Any CPU.Build.0 = Release|Any CPU
		{F826BC70-B5A2-47D7-B47B-997400ADCD92}.Release|x64.ActiveCfg = Release|Any CPU
		{F826BC70-B5A2-47D7-B47B-997400ADCD92}.Release|x64.Build.0 = Release|Any CPU
		{F826BC70-B5A2-47D7-B47B-997400ADCD92}.Release|x86.ActiveCfg = Release|Any CPU
		{F826BC70-B5A2-47D7-B47B-997400ADCD92}.Release|x86.Build.0 = Release|Any CPU
		{89674D88-AC43-4B9F-8407-2158DFE7DC9E}.Debug|Any CPU.ActiveCfg = Debug|Any CPU
		{89674D88-AC43-4B9F-8407-2158DFE7DC9E}.Debug|Any CPU.Build.0 = Debug|Any CPU
		{89674D88-AC43-4B9F-8407-2158DFE7DC9E}.Debug|x64.ActiveCfg = Debug|Any CPU
		{89674D88-AC43-4B9F-8407-2158DFE7DC9E}.Debug|x64.Build.0 = Debug|Any CPU
		{89674D88-AC43-4B9F-8407-2158DFE7DC9E}.Debug|x86.ActiveCfg = Debug|Any CPU
		{89674D88-AC43-4B9F-8407-2158DFE7DC9E}.Debug|x86.Build.0 = Debug|Any CPU
		{89674D88-AC43-4B9F-8407-2158DFE7DC9E}.Release|Any CPU.ActiveCfg = Release|Any CPU
		{89674D88-AC43-4B9F-8407-2158DFE7DC9E}.Release|Any CPU.Build.0 = Release|Any CPU
		{89674D88-AC43-4B9F-8407-2158DFE7DC9E}.Release|x64.ActiveCfg = Release|Any CPU
		{89674D88-AC43-4B9F-8407-2158DFE7DC9E}.Release|x64.Build.0 = Release|Any CPU
		{89674D88-AC43-4B9F-8407-2158DFE7DC9E}.Release|x86.ActiveCfg = Release|Any CPU
		{89674D88-AC43-4B9F-8407-2158DFE7DC9E}.Release|x86.Build.0 = Release|Any CPU
		{0BEEAE15-AD01-4DF9-95EE-E0A3072A7271}.Debug|Any CPU.ActiveCfg = Debug|Any CPU
		{0BEEAE15-AD01-4DF9-95EE-E0A3072A7271}.Debug|Any CPU.Build.0 = Debug|Any CPU
		{0BEEAE15-AD01-4DF9-95EE-E0A3072A7271}.Debug|x64.ActiveCfg = Debug|Any CPU
		{0BEEAE15-AD01-4DF9-95EE-E0A3072A7271}.Debug|x64.Build.0 = Debug|Any CPU
		{0BEEAE15-AD01-4DF9-95EE-E0A3072A7271}.Debug|x86.ActiveCfg = Debug|Any CPU
		{0BEEAE15-AD01-4DF9-95EE-E0A3072A7271}.Debug|x86.Build.0 = Debug|Any CPU
		{0BEEAE15-AD01-4DF9-95EE-E0A3072A7271}.Release|Any CPU.ActiveCfg = Release|Any CPU
		{0BEEAE15-AD01-4DF9-95EE-E0A3072A7271}.Release|Any CPU.Build.0 = Release|Any CPU
		{0BEEAE15-AD01-4DF9-95EE-E0A3072A7271}.Release|x64.ActiveCfg = Release|Any CPU
		{0BEEAE15-AD01-4DF9-95EE-E0A3072A7271}.Release|x64.Build.0 = Release|Any CPU
		{0BEEAE15-AD01-4DF9-95EE-E0A3072A7271}.Release|x86.ActiveCfg = Release|Any CPU
		{0BEEAE15-AD01-4DF9-95EE-E0A3072A7271}.Release|x86.Build.0 = Release|Any CPU
		{7814F165-5668-48DB-B3F5-0F92CFBA8564}.Debug|Any CPU.ActiveCfg = Debug|Any CPU
		{7814F165-5668-48DB-B3F5-0F92CFBA8564}.Debug|Any CPU.Build.0 = Debug|Any CPU
		{7814F165-5668-48DB-B3F5-0F92CFBA8564}.Debug|x64.ActiveCfg = Debug|Any CPU
		{7814F165-5668-48DB-B3F5-0F92CFBA8564}.Debug|x64.Build.0 = Debug|Any CPU
		{7814F165-5668-48DB-B3F5-0F92CFBA8564}.Debug|x86.ActiveCfg = Debug|Any CPU
		{7814F165-5668-48DB-B3F5-0F92CFBA8564}.Debug|x86.Build.0 = Debug|Any CPU
		{7814F165-5668-48DB-B3F5-0F92CFBA8564}.Release|Any CPU.ActiveCfg = Release|Any CPU
		{7814F165-5668-48DB-B3F5-0F92CFBA8564}.Release|Any CPU.Build.0 = Release|Any CPU
		{7814F165-5668-48DB-B3F5-0F92CFBA8564}.Release|x64.ActiveCfg = Release|Any CPU
		{7814F165-5668-48DB-B3F5-0F92CFBA8564}.Release|x64.Build.0 = Release|Any CPU
		{7814F165-5668-48DB-B3F5-0F92CFBA8564}.Release|x86.ActiveCfg = Release|Any CPU
		{7814F165-5668-48DB-B3F5-0F92CFBA8564}.Release|x86.Build.0 = Release|Any CPU
		{128110F6-DBDE-40A2-81A9-137996AE6808}.Debug|Any CPU.ActiveCfg = Debug|Any CPU
		{128110F6-DBDE-40A2-81A9-137996AE6808}.Debug|Any CPU.Build.0 = Debug|Any CPU
		{128110F6-DBDE-40A2-81A9-137996AE6808}.Debug|x64.ActiveCfg = Debug|Any CPU
		{128110F6-DBDE-40A2-81A9-137996AE6808}.Debug|x64.Build.0 = Debug|Any CPU
		{128110F6-DBDE-40A2-81A9-137996AE6808}.Debug|x86.ActiveCfg = Debug|Any CPU
		{128110F6-DBDE-40A2-81A9-137996AE6808}.Debug|x86.Build.0 = Debug|Any CPU
		{128110F6-DBDE-40A2-81A9-137996AE6808}.Release|Any CPU.ActiveCfg = Release|Any CPU
		{128110F6-DBDE-40A2-81A9-137996AE6808}.Release|Any CPU.Build.0 = Release|Any CPU
		{128110F6-DBDE-40A2-81A9-137996AE6808}.Release|x64.ActiveCfg = Release|Any CPU
		{128110F6-DBDE-40A2-81A9-137996AE6808}.Release|x64.Build.0 = Release|Any CPU
		{128110F6-DBDE-40A2-81A9-137996AE6808}.Release|x86.ActiveCfg = Release|Any CPU
		{128110F6-DBDE-40A2-81A9-137996AE6808}.Release|x86.Build.0 = Release|Any CPU
		{5CF9E434-5803-4300-8FF3-718D6850C61E}.Debug|Any CPU.ActiveCfg = Debug|Any CPU
		{5CF9E434-5803-4300-8FF3-718D6850C61E}.Debug|Any CPU.Build.0 = Debug|Any CPU
		{5CF9E434-5803-4300-8FF3-718D6850C61E}.Debug|x64.ActiveCfg = Debug|Any CPU
		{5CF9E434-5803-4300-8FF3-718D6850C61E}.Debug|x64.Build.0 = Debug|Any CPU
		{5CF9E434-5803-4300-8FF3-718D6850C61E}.Debug|x86.ActiveCfg = Debug|Any CPU
		{5CF9E434-5803-4300-8FF3-718D6850C61E}.Debug|x86.Build.0 = Debug|Any CPU
		{5CF9E434-5803-4300-8FF3-718D6850C61E}.Release|Any CPU.ActiveCfg = Release|Any CPU
		{5CF9E434-5803-4300-8FF3-718D6850C61E}.Release|Any CPU.Build.0 = Release|Any CPU
		{5CF9E434-5803-4300-8FF3-718D6850C61E}.Release|x64.ActiveCfg = Release|Any CPU
		{5CF9E434-5803-4300-8FF3-718D6850C61E}.Release|x64.Build.0 = Release|Any CPU
		{5CF9E434-5803-4300-8FF3-718D6850C61E}.Release|x86.ActiveCfg = Release|Any CPU
		{5CF9E434-5803-4300-8FF3-718D6850C61E}.Release|x86.Build.0 = Release|Any CPU
		{9F0F6D39-1355-4B42-9B07-0A85F93709C2}.Debug|Any CPU.ActiveCfg = Debug|Any CPU
		{9F0F6D39-1355-4B42-9B07-0A85F93709C2}.Debug|Any CPU.Build.0 = Debug|Any CPU
		{9F0F6D39-1355-4B42-9B07-0A85F93709C2}.Debug|x64.ActiveCfg = Debug|Any CPU
		{9F0F6D39-1355-4B42-9B07-0A85F93709C2}.Debug|x64.Build.0 = Debug|Any CPU
		{9F0F6D39-1355-4B42-9B07-0A85F93709C2}.Debug|x86.ActiveCfg = Debug|Any CPU
		{9F0F6D39-1355-4B42-9B07-0A85F93709C2}.Debug|x86.Build.0 = Debug|Any CPU
		{9F0F6D39-1355-4B42-9B07-0A85F93709C2}.Release|Any CPU.ActiveCfg = Release|Any CPU
		{9F0F6D39-1355-4B42-9B07-0A85F93709C2}.Release|Any CPU.Build.0 = Release|Any CPU
		{9F0F6D39-1355-4B42-9B07-0A85F93709C2}.Release|x64.ActiveCfg = Release|Any CPU
		{9F0F6D39-1355-4B42-9B07-0A85F93709C2}.Release|x64.Build.0 = Release|Any CPU
		{9F0F6D39-1355-4B42-9B07-0A85F93709C2}.Release|x86.ActiveCfg = Release|Any CPU
		{9F0F6D39-1355-4B42-9B07-0A85F93709C2}.Release|x86.Build.0 = Release|Any CPU
		{13D1641A-6A7D-47C0-BF11-6E772C33510A}.Debug|Any CPU.ActiveCfg = Debug|Any CPU
		{13D1641A-6A7D-47C0-BF11-6E772C33510A}.Debug|Any CPU.Build.0 = Debug|Any CPU
		{13D1641A-6A7D-47C0-BF11-6E772C33510A}.Debug|x64.ActiveCfg = Debug|Any CPU
		{13D1641A-6A7D-47C0-BF11-6E772C33510A}.Debug|x64.Build.0 = Debug|Any CPU
		{13D1641A-6A7D-47C0-BF11-6E772C33510A}.Debug|x86.ActiveCfg = Debug|Any CPU
		{13D1641A-6A7D-47C0-BF11-6E772C33510A}.Debug|x86.Build.0 = Debug|Any CPU
		{13D1641A-6A7D-47C0-BF11-6E772C33510A}.Release|Any CPU.ActiveCfg = Release|Any CPU
		{13D1641A-6A7D-47C0-BF11-6E772C33510A}.Release|Any CPU.Build.0 = Release|Any CPU
		{13D1641A-6A7D-47C0-BF11-6E772C33510A}.Release|x64.ActiveCfg = Release|Any CPU
		{13D1641A-6A7D-47C0-BF11-6E772C33510A}.Release|x64.Build.0 = Release|Any CPU
		{13D1641A-6A7D-47C0-BF11-6E772C33510A}.Release|x86.ActiveCfg = Release|Any CPU
		{13D1641A-6A7D-47C0-BF11-6E772C33510A}.Release|x86.Build.0 = Release|Any CPU
		{9EABCA58-8277-4DD0-9BAE-96B8B454A2E4}.Debug|Any CPU.ActiveCfg = Debug|Any CPU
		{9EABCA58-8277-4DD0-9BAE-96B8B454A2E4}.Debug|Any CPU.Build.0 = Debug|Any CPU
		{9EABCA58-8277-4DD0-9BAE-96B8B454A2E4}.Debug|x64.ActiveCfg = Debug|Any CPU
		{9EABCA58-8277-4DD0-9BAE-96B8B454A2E4}.Debug|x64.Build.0 = Debug|Any CPU
		{9EABCA58-8277-4DD0-9BAE-96B8B454A2E4}.Debug|x86.ActiveCfg = Debug|Any CPU
		{9EABCA58-8277-4DD0-9BAE-96B8B454A2E4}.Debug|x86.Build.0 = Debug|Any CPU
		{9EABCA58-8277-4DD0-9BAE-96B8B454A2E4}.Release|Any CPU.ActiveCfg = Release|Any CPU
		{9EABCA58-8277-4DD0-9BAE-96B8B454A2E4}.Release|Any CPU.Build.0 = Release|Any CPU
		{9EABCA58-8277-4DD0-9BAE-96B8B454A2E4}.Release|x64.ActiveCfg = Release|Any CPU
		{9EABCA58-8277-4DD0-9BAE-96B8B454A2E4}.Release|x64.Build.0 = Release|Any CPU
		{9EABCA58-8277-4DD0-9BAE-96B8B454A2E4}.Release|x86.ActiveCfg = Release|Any CPU
		{9EABCA58-8277-4DD0-9BAE-96B8B454A2E4}.Release|x86.Build.0 = Release|Any CPU
		{78AD1EE2-2366-4986-9124-45CD3C46198A}.Debug|Any CPU.ActiveCfg = Debug|Any CPU
		{78AD1EE2-2366-4986-9124-45CD3C46198A}.Debug|Any CPU.Build.0 = Debug|Any CPU
		{78AD1EE2-2366-4986-9124-45CD3C46198A}.Debug|x64.ActiveCfg = Debug|Any CPU
		{78AD1EE2-2366-4986-9124-45CD3C46198A}.Debug|x64.Build.0 = Debug|Any CPU
		{78AD1EE2-2366-4986-9124-45CD3C46198A}.Debug|x86.ActiveCfg = Debug|Any CPU
		{78AD1EE2-2366-4986-9124-45CD3C46198A}.Debug|x86.Build.0 = Debug|Any CPU
		{78AD1EE2-2366-4986-9124-45CD3C46198A}.Release|Any CPU.ActiveCfg = Release|Any CPU
		{78AD1EE2-2366-4986-9124-45CD3C46198A}.Release|Any CPU.Build.0 = Release|Any CPU
		{78AD1EE2-2366-4986-9124-45CD3C46198A}.Release|x64.ActiveCfg = Release|Any CPU
		{78AD1EE2-2366-4986-9124-45CD3C46198A}.Release|x64.Build.0 = Release|Any CPU
		{78AD1EE2-2366-4986-9124-45CD3C46198A}.Release|x86.ActiveCfg = Release|Any CPU
		{78AD1EE2-2366-4986-9124-45CD3C46198A}.Release|x86.Build.0 = Release|Any CPU
		{6CAF1168-604A-49D3-BADB-D265A7BDB44D}.Debug|Any CPU.ActiveCfg = Debug|Any CPU
		{6CAF1168-604A-49D3-BADB-D265A7BDB44D}.Debug|Any CPU.Build.0 = Debug|Any CPU
		{6CAF1168-604A-49D3-BADB-D265A7BDB44D}.Debug|x64.ActiveCfg = Debug|Any CPU
		{6CAF1168-604A-49D3-BADB-D265A7BDB44D}.Debug|x64.Build.0 = Debug|Any CPU
		{6CAF1168-604A-49D3-BADB-D265A7BDB44D}.Debug|x86.ActiveCfg = Debug|Any CPU
		{6CAF1168-604A-49D3-BADB-D265A7BDB44D}.Debug|x86.Build.0 = Debug|Any CPU
		{6CAF1168-604A-49D3-BADB-D265A7BDB44D}.Release|Any CPU.ActiveCfg = Release|Any CPU
		{6CAF1168-604A-49D3-BADB-D265A7BDB44D}.Release|Any CPU.Build.0 = Release|Any CPU
		{6CAF1168-604A-49D3-BADB-D265A7BDB44D}.Release|x64.ActiveCfg = Release|Any CPU
		{6CAF1168-604A-49D3-BADB-D265A7BDB44D}.Release|x64.Build.0 = Release|Any CPU
		{6CAF1168-604A-49D3-BADB-D265A7BDB44D}.Release|x86.ActiveCfg = Release|Any CPU
		{6CAF1168-604A-49D3-BADB-D265A7BDB44D}.Release|x86.Build.0 = Release|Any CPU
		{D2822238-CCAB-47FA-955F-3BD8E04B14DB}.Debug|Any CPU.ActiveCfg = Debug|Any CPU
		{D2822238-CCAB-47FA-955F-3BD8E04B14DB}.Debug|Any CPU.Build.0 = Debug|Any CPU
		{D2822238-CCAB-47FA-955F-3BD8E04B14DB}.Debug|x64.ActiveCfg = Debug|Any CPU
		{D2822238-CCAB-47FA-955F-3BD8E04B14DB}.Debug|x64.Build.0 = Debug|Any CPU
		{D2822238-CCAB-47FA-955F-3BD8E04B14DB}.Debug|x86.ActiveCfg = Debug|Any CPU
		{D2822238-CCAB-47FA-955F-3BD8E04B14DB}.Debug|x86.Build.0 = Debug|Any CPU
		{D2822238-CCAB-47FA-955F-3BD8E04B14DB}.Release|Any CPU.ActiveCfg = Release|Any CPU
		{D2822238-CCAB-47FA-955F-3BD8E04B14DB}.Release|Any CPU.Build.0 = Release|Any CPU
		{D2822238-CCAB-47FA-955F-3BD8E04B14DB}.Release|x64.ActiveCfg = Release|Any CPU
		{D2822238-CCAB-47FA-955F-3BD8E04B14DB}.Release|x64.Build.0 = Release|Any CPU
		{D2822238-CCAB-47FA-955F-3BD8E04B14DB}.Release|x86.ActiveCfg = Release|Any CPU
		{D2822238-CCAB-47FA-955F-3BD8E04B14DB}.Release|x86.Build.0 = Release|Any CPU
	EndGlobalSection
	GlobalSection(SolutionProperties) = preSolution
		HideSolutionNode = FALSE
	EndGlobalSection
EndGlobal
